github.com/gohugoio/hugo-mod-jslibs-dist/popperjs/v2 v2.21100.20000 h1:GZxx4Hc+yb0/t3/rau1j8XlAxLE4CyXns2fqQbyqWfs=
github.com/gohugoio/hugo-mod-jslibs-dist/popperjs/v2 v2.21100.20000/go.mod h1:mFberT6ZtcchrsDtfvJM7aAH2bDKLdOnruUHl0hlapI=
github.com/hbstack/base v0.1.1 h1:1ehqqiEVEWC2tFrj2M8NhynBTYxt2uiZrpydB3j/pgY=
github.com/hbstack/base v0.1.1/go.mod h1:7J9OWva2kKpSSLHmVCErdcu9x5rkM9Y9EXBdumon/0Q=
github.com/hbstack/carousel v0.1.0 h1:s/uOB8TLwTLxID8WzADy1FJ0YSjFSGW+Nzey+3axS1Q=
github.com/hbstack/carousel v0.1.0/go.mod h1:S9GTKstFWX/1um5FZIxBiqlbD4td3cgNIRmInJW+qa0=
github.com/hbstack/carousel v0.1.1/go.mod h1:PkmHk1S3zSmJZMgQmP7Wq+DW0kbFgTTjMmDg3nQH/yc=
github.com/hbstack/hb v0.1.2 h1:GEx20g1w53Do3bu3aiyK5ubfkpjQIcHNHBx1lJKCzCk=
github.com/hbstack/hb v0.1.2/go.mod h1:j1CyW+HWmbqdAgagn8FPEtdTGZEdTHVZdml+vqfsKiU=
github.com/hugomods/gravatar v0.1.0 h1:wggcqWDeLVXbvechNuehMpTf1NL8yDZUhWEmQxH8NzA=
github.com/hugomods/gravatar v0.1.0/go.mod h1:oATWuh5u2XUK/ZKzOD0VEP5I/TZfVZwplTyhT61Q4Fc=
github.com/hugomods/icons v0.6.0 h1:G6RU93okhPPRDh/jqcew9gwkcYpSpg0rCBv4S6yUAFw=
github.com/hugomods/icons/vendors/bootstrap v0.4.0 h1:+2r0aWG/qdsdLBtQ+b5VN7z3Kh/M0/TduF9ZxW0d9Kg=
github.com/hugomods/icons/vendors/bootstrap v0.4.0/go.mod h1:my/xxEyTvWAym67NVfhWRvdQKrHcscU43neIBXnlbfM=
