github.com/gohugoio/hugo-mod-jslibs-dist/popperjs/v2 v2.21100.20000 h1:GZxx4Hc+yb0/t3/rau1j8XlAxLE4CyXns2fqQbyqWfs=
github.com/gohugoio/hugo-mod-jslibs-dist/popperjs/v2 v2.21100.20000/go.mod h1:mFberT6ZtcchrsDtfvJM7aAH2bDKLdOnruUHl0hlapI=
github.com/hbstack/base v0.1.3 h1:h868EZ54SzQHdGO+3aeoninXkUhUSqWC4ZPkivC5THo=
github.com/hbstack/base v0.1.3/go.mod h1:tein3kLAihnlcXe+xAprntZNjCvA/hRDkrxmZHOyelI=
github.com/hbstack/carousel v0.1.12 h1:z2N67v/LprhGArs/UtrH6L6XHW5wuoPsmV1wFLRqE2U=
github.com/hbstack/carousel v0.1.12/go.mod h1:SsXyquOSqLM+GzwLkXaKz3JNHN7j2Ne3yNQ7l+z8SCI=
github.com/hbstack/carousel v0.1.13/go.mod h1:LYQ0nZwyBEOpHVbBCDbml3C7fx+MWxEEXKQjkixBJfA=
github.com/hbstack/hb v0.1.4 h1:ii6ZusrJ3TLexULedgPIQI60MeHsYL9Izrcaf5THVMg=
github.com/hbstack/hb v0.1.4/go.mod h1:MRDu9z0Iq6B3xTCS8QQ5zX0hzGKDQYMxNXm+GLXinqU=
github.com/hbstack/socials v0.1.1 h1:nuUaI5wnBdh6naPYouM2PPnZwI5lgM1OPctrLRyJfWY=
github.com/hbstack/socials v0.1.1/go.mod h1:OfycksJfdtZtOvSW1bM6BzepwLHxe3pExV5MBrKoW7I=
github.com/hugomods/gravatar v0.1.0 h1:wggcqWDeLVXbvechNuehMpTf1NL8yDZUhWEmQxH8NzA=
github.com/hugomods/gravatar v0.1.0/go.mod h1:oATWuh5u2XUK/ZKzOD0VEP5I/TZfVZwplTyhT61Q4Fc=
github.com/hugomods/icons v0.6.0 h1:G6RU93okhPPRDh/jqcew9gwkcYpSpg0rCBv4S6yUAFw=
github.com/hugomods/icons/vendors/bootstrap v0.4.0 h1:+2r0aWG/qdsdLBtQ+b5VN7z3Kh/M0/TduF9ZxW0d9Kg=
github.com/hugomods/icons/vendors/bootstrap v0.4.0/go.mod h1:my/xxEyTvWAym67NVfhWRvdQKrHcscU43neIBXnlbfM=
github.com/hugomods/images v0.3.0 h1:jFkGHauqC2JXUA3jyX9VPHBC7uE8Pd1/OMI8P67ElEY=
github.com/hugomods/images v0.3.0/go.mod h1:U6Gwj16LKvk66rOMyGFrnF6f0aV8lT89lqOsckOAjYY=
github.com/hugomods/images v0.4.0/go.mod h1:U6Gwj16LKvk66rOMyGFrnF6f0aV8lT89lqOsckOAjYY=
github.com/hugomods/simple-icons v8.8.0+incompatible h1:DjrOcRaTxetwDUDknGOkZsyd0rtCBaXRZjZFbuI6gdo=
github.com/hugomods/simple-icons v8.8.0+incompatible/go.mod h1:1Lvymol7AMVY7ji/o88jMoDHHZIJ5Wc+WwNe5hjmk+U=
