github.com/gohugoio/hugo-mod-jslibs-dist/popperjs/v2 v2.21100.20000 h1:GZxx4Hc+yb0/t3/rau1j8XlAxLE4CyXns2fqQbyqWfs=
github.com/gohugoio/hugo-mod-jslibs-dist/popperjs/v2 v2.21100.20000/go.mod h1:mFberT6ZtcchrsDtfvJM7aAH2bDKLdOnruUHl0hlapI=
github.com/hbstack/blog v0.9.0 h1:pe6rJ2ulNeR7CXv6j/oHKXbl5qp7sTPcNZ3L98VEH4U=
github.com/hbstack/blog v0.9.0/go.mod h1:DoJm61tF0jHI/Wrex0mMAUUWV28mruSFW9oPC7T7Hl0=
github.com/hbstack/blog v0.10.0/go.mod h1:D41YzxmW/tH4dxvRxaeApBVk7SLtm9AALokzF5aDSL4=
github.com/hbstack/blog v0.10.1/go.mod h1:8untxY8tIK3Sn012FMZ8//vNJq/qsQGssjtxvw10h+c=
github.com/hbstack/blog v0.11.0/go.mod h1:8untxY8tIK3Sn012FMZ8//vNJq/qsQGssjtxvw10h+c=
github.com/hbstack/footer v0.2.0 h1:cmrQcUxR/a97GDhCI7ccthTb3VphN/p2phkk+1Vu9ls=
github.com/hbstack/footer v0.2.0/go.mod h1:5DeefxbpnZrxbvF1v2aUl5D18EtWpMyvMyVijeR/ey8=
github.com/hbstack/footer v0.2.1/go.mod h1:ldb4b95D/7NVWQWFTIngasypCA+QQQRj1I+1BEyOi/c=
github.com/hbstack/hb v0.2.0 h1:fWwFoFKTAoreLqcBpquZzPrxy7tLj46SKcvSOeE7fc4=
github.com/hbstack/hb v0.2.0/go.mod h1:37E1uTMQx1Hix+VdwlWkW74fi3ct5+KlCCBywv9l3Ac=
github.com/hbstack/hb v0.3.0/go.mod h1:37E1uTMQx1Hix+VdwlWkW74fi3ct5+KlCCBywv9l3Ac=
github.com/hbstack/hb v0.4.0/go.mod h1:37E1uTMQx1Hix+VdwlWkW74fi3ct5+KlCCBywv9l3Ac=
github.com/hbstack/hb v0.5.0/go.mod h1:37E1uTMQx1Hix+VdwlWkW74fi3ct5+KlCCBywv9l3Ac=
github.com/hbstack/header v0.1.11 h1:ojtefTTz3VcqZEtBshJwe1/b78YJEQhj23JeVFFxaWA=
github.com/hbstack/header v0.1.11/go.mod h1:2oiFsujD8aUmdmBfcSHYvdOg7mYLqYPqB7zaXHkH+/A=
github.com/hbstack/header v0.1.12/go.mod h1:BRtu4Awm9tOa4b1wKzY8TZRhsm9IqVJh67CWnh09Yco=
github.com/hbstack/header v0.1.13/go.mod h1:BRtu4Awm9tOa4b1wKzY8TZRhsm9IqVJh67CWnh09Yco=
github.com/hbstack/header v0.1.15/go.mod h1:TsYY9wkDKwcj1c0hzar97DXWOYqa1NW0Qg0XqcV9Zx8=
github.com/hbstack/header v0.1.17/go.mod h1:YEYnlqmhotkQdFbSzN/ZQT55kLLfMdvVVIzEDMFgTz4=
github.com/hbstack/toc-scrollspy v0.1.0 h1:sr9HidxHVYeSZR1FVOGQzphONSsct/OscbWPSV+vMlo=
github.com/hbstack/toc-scrollspy v0.1.0/go.mod h1:wIqdWFRjqGGKX6Y5XVRQzaBBeZ91kZBKgovQp8IPvtk=
github.com/hugomods/icons v0.6.0 h1:G6RU93okhPPRDh/jqcew9gwkcYpSpg0rCBv4S6yUAFw=
github.com/hugomods/icons v0.6.0/go.mod h1:cIkSvK6W0q6N4U6n9KGz+QfRWQXAW0INd+1P31gPNGg=
github.com/hugomods/icons/vendors/simple-icons v0.9.0 h1:hovYOj6KFXnAGWkXrvOD4puJwsltLmmsb5JQC5Kle0o=
github.com/hugomods/icons/vendors/simple-icons v0.9.0/go.mod h1:5cqrov5yB+69XxmnEcUyZB9V9ZPTwFpJDDyVNdFdSrs=
github.com/hugomods/icons/vendors/simple-icons v0.10.0/go.mod h1:I3qNduukXrSmUo6gEbYvLA/+QU3pLH37yh4tBGizfuY=
github.com/hugomods/icons/vendors/simple-icons v0.11.0/go.mod h1:Ie17K870r5lY0b4xmXZs9Bil/lCSyRyHX7e84jt1I+U=
github.com/hugomods/icons/vendors/simple-icons v0.12.0/go.mod h1:HRoAt4pAGMH8wXDLr8b0JHg3WlGbCtIayHgYoYpE9g8=
github.com/hugomods/icons/vendors/simple-icons v0.13.0/go.mod h1:v/oRhlvStyi/5SE30t6Hg6Qpduhf5de6V0uvPjfz6Yk=
github.com/hugomods/icons/vendors/simple-icons v0.14.0/go.mod h1:KOf0KCVA3Jor+RJuEv85KdLWYYmTtNhHhgDPJ0SZCRo=
github.com/hugomods/seo/modules/base v0.1.0 h1:ZEkWuYeRJeQakBkBThO3N3lmGzOZoPixs4pDugJXfJk=
github.com/hugomods/seo/modules/base v0.1.0/go.mod h1:qfm1Vga0eGxL+Szgz8Jopm+NtJ5PGov2a2dikTg1qSg=
github.com/twbs/icons v1.10.4 h1:dTJ908V3hAjfooZfF2FaXo76dEX+FV9/PMY60RNq0YY=
github.com/twbs/icons v1.10.4/go.mod h1:GnRlymgVWp5iVJCMa0Me5b6tFyGpVc2bSxPMRGIJmyA=
github.com/twbs/icons v1.10.5/go.mod h1:GnRlymgVWp5iVJCMa0Me5b6tFyGpVc2bSxPMRGIJmyA=
