github.com/gohugoio/hugo-mod-bootstrap-scss/v5 v5.20300.20002 h1:6F6sjCSkFIIgqLp4SEIL1Ao9ZfKyM6OmgqEdTlc58Yk=
github.com/gohugoio/hugo-mod-bootstrap-scss/v5 v5.20300.20002/go.mod h1:Q6TrjM78wB13zkOMBSV4IZIZ54tbshmE2fem9CYx2pU=
github.com/gohugoio/hugo-mod-jslibs-dist/popperjs/v2 v2.21100.20000/go.mod h1:mFberT6ZtcchrsDtfvJM7aAH2bDKLdOnruUHl0hlapI=
github.com/hbstack/blog v0.9.0 h1:pe6rJ2ulNeR7CXv6j/oHKXbl5qp7sTPcNZ3L98VEH4U=
github.com/hbstack/blog v0.9.0/go.mod h1:DoJm61tF0jHI/Wrex0mMAUUWV28mruSFW9oPC7T7Hl0=
github.com/hbstack/blog v0.10.0/go.mod h1:D41YzxmW/tH4dxvRxaeApBVk7SLtm9AALokzF5aDSL4=
github.com/hbstack/blog v0.10.1/go.mod h1:8untxY8tIK3Sn012FMZ8//vNJq/qsQGssjtxvw10h+c=
github.com/hbstack/blog v0.11.0/go.mod h1:8untxY8tIK3Sn012FMZ8//vNJq/qsQGssjtxvw10h+c=
github.com/hbstack/footer v0.2.1 h1:GZbSRcGNMeKAiDLeai0cPaEnztkDBraTNQqe2uap944=
github.com/hbstack/footer v0.2.1/go.mod h1:ldb4b95D/7NVWQWFTIngasypCA+QQQRj1I+1BEyOi/c=
github.com/hbstack/giscus v0.1.0 h1:CmVaxSK60/oF3gmnfUd0UjqtgRK8jV36fQWUff/QuAA=
github.com/hbstack/giscus v0.1.0/go.mod h1:AkBrbp5uSPcATouJ9g0psaozcM3NxgTrPxMJDJWwWUE=
github.com/hbstack/header v0.1.15 h1:gsmkxBV6+usDAsNq2ohtF3q8cytdwmRemaYnCQ/9qrw=
github.com/hbstack/header v0.1.15/go.mod h1:TsYY9wkDKwcj1c0hzar97DXWOYqa1NW0Qg0XqcV9Zx8=
github.com/hbstack/header v0.1.17/go.mod h1:YEYnlqmhotkQdFbSzN/ZQT55kLLfMdvVVIzEDMFgTz4=
github.com/hugomods/base v0.1.0 h1:3o9Y85BvXHjkYzZfswM/EtthQ8GOYKN8aXHkIWqu3/8=
github.com/hugomods/base v0.1.0/go.mod h1:hnWCPbVxuhXBwdFax3mmbMlWKmIo/7OP36MCLOyHtT4=
github.com/hugomods/hugopress v0.1.0 h1:qktwbSWtbrEz/nX2wBmxDLzzS4o6/rjp7p0GWcOZ+PU=
github.com/hugomods/hugopress v0.1.0/go.mod h1:CRYvr60xOkZOf4Atkuj+uEj2EH5pjJ39Ws3aJAkoMkA=
github.com/hugomods/icons v0.6.0 h1:G6RU93okhPPRDh/jqcew9gwkcYpSpg0rCBv4S6yUAFw=
github.com/hugomods/icons v0.6.0/go.mod h1:cIkSvK6W0q6N4U6n9KGz+QfRWQXAW0INd+1P31gPNGg=
github.com/hugomods/icons/vendors/simple-icons v0.9.0 h1:hovYOj6KFXnAGWkXrvOD4puJwsltLmmsb5JQC5Kle0o=
github.com/hugomods/icons/vendors/simple-icons v0.9.0/go.mod h1:5cqrov5yB+69XxmnEcUyZB9V9ZPTwFpJDDyVNdFdSrs=
github.com/hugomods/icons/vendors/simple-icons v0.10.0/go.mod h1:I3qNduukXrSmUo6gEbYvLA/+QU3pLH37yh4tBGizfuY=
github.com/hugomods/icons/vendors/simple-icons v0.11.0/go.mod h1:Ie17K870r5lY0b4xmXZs9Bil/lCSyRyHX7e84jt1I+U=
github.com/hugomods/icons/vendors/simple-icons v0.12.0/go.mod h1:HRoAt4pAGMH8wXDLr8b0JHg3WlGbCtIayHgYoYpE9g8=
github.com/hugomods/icons/vendors/simple-icons v0.13.0/go.mod h1:v/oRhlvStyi/5SE30t6Hg6Qpduhf5de6V0uvPjfz6Yk=
github.com/hugomods/icons/vendors/simple-icons v0.14.0/go.mod h1:KOf0KCVA3Jor+RJuEv85KdLWYYmTtNhHhgDPJ0SZCRo=
github.com/hugomods/seo/modules/base v0.1.0 h1:ZEkWuYeRJeQakBkBThO3N3lmGzOZoPixs4pDugJXfJk=
github.com/hugomods/seo/modules/base v0.1.0/go.mod h1:qfm1Vga0eGxL+Szgz8Jopm+NtJ5PGov2a2dikTg1qSg=
github.com/twbs/bootstrap v5.3.0-alpha3+incompatible/go.mod h1:fZTSrkpSf0/HkL0IIJzvVspTt1r9zuf7XlZau8kpcY0=
github.com/twbs/icons v1.10.4 h1:dTJ908V3hAjfooZfF2FaXo76dEX+FV9/PMY60RNq0YY=
github.com/twbs/icons v1.10.4/go.mod h1:GnRlymgVWp5iVJCMa0Me5b6tFyGpVc2bSxPMRGIJmyA=
github.com/twbs/icons v1.10.5/go.mod h1:GnRlymgVWp5iVJCMa0Me5b6tFyGpVc2bSxPMRGIJmyA=
