github.com/hbstack/blog v0.29.1 h1:G38wrWsjbjpLY7GEqTidohrFWYImxLtyRI2bUwRFr2Q=
github.com/hbstack/blog v0.29.1/go.mod h1:seD+hskGzqejUgQJeif45jFXJDP9ltY7UkWBvb0Q/To=
github.com/hbstack/blog v0.30.0/go.mod h1:VRcCQo79uAPKJJ9zILRovLEi5GhJ5kWcfuCcSmbWpa4=
github.com/hbstack/blog v0.31.0/go.mod h1:VRcCQo79uAPKJJ9zILRovLEi5GhJ5kWcfuCcSmbWpa4=
github.com/hbstack/blog v0.31.1/go.mod h1:GO9bM+547de/TtOGP6cETsz8zymLkLrximZHj06B6Co=
github.com/hbstack/blog v0.32.0/go.mod h1:GO9bM+547de/TtOGP6cETsz8zymLkLrximZHj06B6Co=
github.com/hbstack/blog v0.32.1/go.mod h1:GO9bM+547de/TtOGP6cETsz8zymLkLrximZHj06B6Co=
github.com/hbstack/blog v0.32.2/go.mod h1:ArJ8ucu5m8PHmRNk/Y/K5y5JHXZvhnuyV1XKoGuWqd4=
github.com/hbstack/blog v0.33.0/go.mod h1:oYyhhRNxUTAv3zSKPmu43YUgImEn0qsugj6ZdrAshsY=
github.com/hbstack/blog v0.34.0/go.mod h1:X27vP5wZXzOSyOO44Ma0TFd187/SU8z/I1FTZhfmSWM=
github.com/hbstack/blog v0.35.0/go.mod h1:NFSWnd34kl/9062qIgVsJU0Pi4BqLKiLw6BItG3D0VA=
github.com/hbstack/blog v0.35.1/go.mod h1:/A1EQoCCs9zlcn7dWecP0YMUmH2n1juv3DO4e/mfQ+o=
github.com/hbstack/blog v0.35.2/go.mod h1:6uWETL+fybTZEKOJ1BEMXG84B+Ucy0GmfFy1t8Itjjg=
github.com/hbstack/blog v0.35.3/go.mod h1:4yQsuqIiYIyQCLWxgaueK3lRCmAm30pVRdwGEdHE95I=
github.com/hbstack/blog v0.35.4/go.mod h1:noV38aLO4c2nWZPUYgRyvjIX4seSTToaRt4kKImo4KQ=
github.com/hbstack/blog v0.36.1/go.mod h1:IJuliGxBkgSi8wmacZ9CGSlUIRFCCnhyViCzrWxjnlo=
github.com/hbstack/blog v0.37.0/go.mod h1:9yZB+gkRkINisP5uWk5CllGJ4bv211KjkHdsTtvEdjM=
github.com/hbstack/blog v0.37.1/go.mod h1:X4Wo3ClIdrMNXiZ7JbI65pKLNCVt5HJeidFMSIFIwb8=
github.com/hbstack/blog v0.37.2/go.mod h1:ivXn9g7VMsTmlbkrBsY6rA/+8KWESGXZI60CTTCBLyw=
github.com/hbstack/blog v0.37.3/go.mod h1:AIDU/s/QGVJhMB9Y20ZR4L7h2zOCI9XuPBpv11O6rJY=
github.com/hbstack/blog v0.37.4/go.mod h1:kPLAw+tLZGjcnaNevNjo86KS2zQNkblFLiG01qF2O1Q=
github.com/hbstack/blog v0.38.0/go.mod h1:mSWZq1M68aJSjGPv+yfbduABOSNbpBJ9HAM/EIKWxfQ=
