github.com/hbstack/blog v0.29.1 h1:G38wrWsjbjpLY7GEqTidohrFWYImxLtyRI2bUwRFr2Q=
github.com/hbstack/blog v0.29.1/go.mod h1:seD+hskGzqejUgQJeif45jFXJDP9ltY7UkWBvb0Q/To=
github.com/hbstack/blog v0.30.0/go.mod h1:VRcCQo79uAPKJJ9zILRovLEi5GhJ5kWcfuCcSmbWpa4=
github.com/hbstack/blog v0.31.0/go.mod h1:VRcCQo79uAPKJJ9zILRovLEi5GhJ5kWcfuCcSmbWpa4=
github.com/hbstack/blog v0.31.1/go.mod h1:GO9bM+547de/TtOGP6cETsz8zymLkLrximZHj06B6Co=
github.com/hbstack/blog v0.32.0/go.mod h1:GO9bM+547de/TtOGP6cETsz8zymLkLrximZHj06B6Co=
github.com/hbstack/blog v0.32.1/go.mod h1:GO9bM+547de/TtOGP6cETsz8zymLkLrximZHj06B6Co=
github.com/hbstack/blog v0.32.2/go.mod h1:ArJ8ucu5m8PHmRNk/Y/K5y5JHXZvhnuyV1XKoGuWqd4=
github.com/hbstack/blog v0.33.0/go.mod h1:oYyhhRNxUTAv3zSKPmu43YUgImEn0qsugj6ZdrAshsY=
github.com/hbstack/blog v0.34.0/go.mod h1:X27vP5wZXzOSyOO44Ma0TFd187/SU8z/I1FTZhfmSWM=
github.com/hbstack/blog v0.35.0/go.mod h1:NFSWnd34kl/9062qIgVsJU0Pi4BqLKiLw6BItG3D0VA=
