github.com/gohugoio/hugo-mod-bootstrap-scss/v5 v5.20300.20000 h1:cQ8J2tkcrOgsF6TFTlfwOOtX2bgQzzPKhcRvHcUmUo0=
github.com/gohugoio/hugo-mod-bootstrap-scss/v5 v5.20300.20000/go.mod h1:6Fa+6zeMwAHMsYalEmIpC0QKs9UjlNtR8BLLMQXLqWQ=
github.com/gohugoio/hugo-mod-bootstrap-scss/v5 v5.20300.20001/go.mod h1:QKCtI6xnS1xr+zaQyVR8KF4Ec1UvErhvsazehZj/MlI=
github.com/gohugoio/hugo-mod-bootstrap-scss/v5 v5.20300.20002/go.mod h1:Q6TrjM78wB13zkOMBSV4IZIZ54tbshmE2fem9CYx2pU=
github.com/gohugoio/hugo-mod-jslibs-dist/popperjs/v2 v2.21100.20000/go.mod h1:mFberT6ZtcchrsDtfvJM7aAH2bDKLdOnruUHl0hlapI=
github.com/hbstack/blog v0.5.1 h1:yXPnZNeqpqDQI0S/YW0/X2vSmtLjv3cNltggrueR8xE=
github.com/hbstack/blog v0.5.1/go.mod h1:lqC8vgB0MnLPdpUU5Wh+7ZHs8zUCC7F5UvD8SD0YSQQ=
github.com/hbstack/blog v0.5.2/go.mod h1:l4lnv2V//VcfmjW9p0e9MfLxXwwJgfGznp7JmSegI6Y=
github.com/hbstack/blog v0.5.3/go.mod h1:FIHcUI1WX8xa4ak5RvSHwqalH0m6c4pg425YXTCZxQ8=
github.com/hbstack/blog v0.5.4/go.mod h1:iZrKv9aOpoTwjGI3DQdulBmZkV95lrDUi8G+jR7wl8M=
github.com/hbstack/blog v0.6.0/go.mod h1:MEW0e5vhNK72cG34rgPU/E2YTvyU4mcr552DMX+17qE=
github.com/hbstack/footer v0.1.3 h1:dC6m53GUAeMZg8czkpglzYth3yKUGWrTtRLP2Hs4Vro=
github.com/hbstack/footer v0.1.3/go.mod h1:isUacMldIWqwBZH6zoG9dHw2jbfc/z2wSKQ2TkRHGaQ=
github.com/hbstack/footer v0.1.5/go.mod h1:/5XwQ9xyCE0LpngSnGUiz8YGGAQKe6OIlwATPETCXgc=
github.com/hbstack/header v0.1.7 h1:E21Z5j5YkyyfeRMxRbNycA9bj7Hsmu/2szqy3r7ctl0=
github.com/hbstack/header v0.1.7/go.mod h1:sL7zBj+QrKhWTKYxpEy1ilR/phY9mdyroS9O6xwlaCM=
github.com/hbstack/header v0.1.8/go.mod h1:GTEtmH6u2C2gaJoadFE41yBqo1vH6r9Zu5AJYXx4U48=
github.com/hbstack/header v0.1.9/go.mod h1:GTEtmH6u2C2gaJoadFE41yBqo1vH6r9Zu5AJYXx4U48=
github.com/hbstack/header v0.1.10/go.mod h1:GTEtmH6u2C2gaJoadFE41yBqo1vH6r9Zu5AJYXx4U48=
github.com/hugomods/base v0.1.0 h1:3o9Y85BvXHjkYzZfswM/EtthQ8GOYKN8aXHkIWqu3/8=
github.com/hugomods/base v0.1.0/go.mod h1:hnWCPbVxuhXBwdFax3mmbMlWKmIo/7OP36MCLOyHtT4=
github.com/hugomods/hugopress v0.1.0 h1:qktwbSWtbrEz/nX2wBmxDLzzS4o6/rjp7p0GWcOZ+PU=
github.com/hugomods/hugopress v0.1.0/go.mod h1:CRYvr60xOkZOf4Atkuj+uEj2EH5pjJ39Ws3aJAkoMkA=
github.com/hugomods/icons v0.6.0 h1:G6RU93okhPPRDh/jqcew9gwkcYpSpg0rCBv4S6yUAFw=
github.com/hugomods/icons v0.6.0/go.mod h1:cIkSvK6W0q6N4U6n9KGz+QfRWQXAW0INd+1P31gPNGg=
github.com/hugomods/icons/vendors/simple-icons v0.7.0 h1:Fx9BtbTP+/DU52bclpdgLYr1FMr9sA1WPoRw0KqsTOA=
github.com/hugomods/icons/vendors/simple-icons v0.7.0/go.mod h1:uD4A9Oc+B9L4i2kJ20N++lkXASzA9ccrJMC/Hj/JxBo=
github.com/hugomods/icons/vendors/simple-icons v0.8.0/go.mod h1:yvdo7z+cZAgoD5QAlL6jviNkkMKdCr3XzTRv5BruA04=
github.com/hugomods/seo/modules/base v0.1.0 h1:ZEkWuYeRJeQakBkBThO3N3lmGzOZoPixs4pDugJXfJk=
github.com/hugomods/seo/modules/base v0.1.0/go.mod h1:qfm1Vga0eGxL+Szgz8Jopm+NtJ5PGov2a2dikTg1qSg=
github.com/twbs/bootstrap v5.3.0-alpha1+incompatible/go.mod h1:fZTSrkpSf0/HkL0IIJzvVspTt1r9zuf7XlZau8kpcY0=
github.com/twbs/bootstrap v5.3.0-alpha2+incompatible/go.mod h1:fZTSrkpSf0/HkL0IIJzvVspTt1r9zuf7XlZau8kpcY0=
github.com/twbs/bootstrap v5.3.0-alpha3+incompatible/go.mod h1:fZTSrkpSf0/HkL0IIJzvVspTt1r9zuf7XlZau8kpcY0=
github.com/twbs/icons v1.10.3 h1:8i0wcDkk04KXd2ofLtMHUERkA5OkrpAzDyBVv/PJaL0=
github.com/twbs/icons v1.10.3/go.mod h1:GnRlymgVWp5iVJCMa0Me5b6tFyGpVc2bSxPMRGIJmyA=
github.com/twbs/icons v1.10.4/go.mod h1:GnRlymgVWp5iVJCMa0Me5b6tFyGpVc2bSxPMRGIJmyA=
