github.com/gohugoio/hugo-mod-bootstrap-scss/v5 v5.20300.20000 h1:cQ8J2tkcrOgsF6TFTlfwOOtX2bgQzzPKhcRvHcUmUo0=
github.com/gohugoio/hugo-mod-bootstrap-scss/v5 v5.20300.20000/go.mod h1:6Fa+6zeMwAHMsYalEmIpC0QKs9UjlNtR8BLLMQXLqWQ=
github.com/gohugoio/hugo-mod-jslibs-dist/popperjs/v2 v2.21100.20000/go.mod h1:mFberT6ZtcchrsDtfvJM7aAH2bDKLdOnruUHl0hlapI=
github.com/hbstack/blog v0.1.2 h1:brxtEhMjVzal5Lr4twLOIkCPiLcuna3+an0lR13uEAw=
github.com/hbstack/blog v0.1.2/go.mod h1:fIt/lXmqmxQGK5l/o/Qy7ZZKLLmm8j3cuWFueq8SVbI=
github.com/hbstack/footer v0.1.1 h1:ALO6hub16fiPTWeP/OzkR7D1zrIkuFwjVWiyCHaBbFA=
github.com/hbstack/footer v0.1.1/go.mod h1:/kaJFRj7RbX5jaDae21p2CGzjqluDhbpIU9dxTjNVik=
github.com/hbstack/header v0.1.1 h1:qYgYmc2Y44+DMz/5mlKfUO2BAcL10oADZEI/gbtB4yc=
github.com/hbstack/header v0.1.1/go.mod h1:fHUeyEtniqtZTHPoHpwh9vjOJHIT2HWv2zzCjy1LEC0=
github.com/hugomods/base v0.1.0 h1:3o9Y85BvXHjkYzZfswM/EtthQ8GOYKN8aXHkIWqu3/8=
github.com/hugomods/base v0.1.0/go.mod h1:hnWCPbVxuhXBwdFax3mmbMlWKmIo/7OP36MCLOyHtT4=
github.com/hugomods/hugopress v0.1.0 h1:qktwbSWtbrEz/nX2wBmxDLzzS4o6/rjp7p0GWcOZ+PU=
github.com/hugomods/hugopress v0.1.0/go.mod h1:CRYvr60xOkZOf4Atkuj+uEj2EH5pjJ39Ws3aJAkoMkA=
github.com/hugomods/icons v0.6.0 h1:G6RU93okhPPRDh/jqcew9gwkcYpSpg0rCBv4S6yUAFw=
github.com/hugomods/icons v0.6.0/go.mod h1:cIkSvK6W0q6N4U6n9KGz+QfRWQXAW0INd+1P31gPNGg=
github.com/hugomods/seo/modules/base v0.1.0 h1:ZEkWuYeRJeQakBkBThO3N3lmGzOZoPixs4pDugJXfJk=
github.com/hugomods/seo/modules/base v0.1.0/go.mod h1:qfm1Vga0eGxL+Szgz8Jopm+NtJ5PGov2a2dikTg1qSg=
github.com/twbs/bootstrap v5.3.0-alpha1+incompatible/go.mod h1:fZTSrkpSf0/HkL0IIJzvVspTt1r9zuf7XlZau8kpcY0=
github.com/twbs/icons v1.10.3 h1:8i0wcDkk04KXd2ofLtMHUERkA5OkrpAzDyBVv/PJaL0=
github.com/twbs/icons v1.10.3/go.mod h1:GnRlymgVWp5iVJCMa0Me5b6tFyGpVc2bSxPMRGIJmyA=
