github.com/gohugoio/hugo-mod-bootstrap-scss/v5 v5.20300.20200 h1:SmpwwN3DNzJWbV+IT8gaFu07ENUFpCvKou5BHYUKuVs=
github.com/gohugoio/hugo-mod-bootstrap-scss/v5 v5.20300.20200/go.mod h1:kx8MBj9T7SFR8ZClWvKZPmmUxBaltkoXvnWlZZcSnYA=
github.com/gohugoio/hugo-mod-jslibs-dist/popperjs/v2 v2.21100.20000/go.mod h1:mFberT6ZtcchrsDtfvJM7aAH2bDKLdOnruUHl0hlapI=
github.com/hbstack/blog v0.29.1 h1:G38wrWsjbjpLY7GEqTidohrFWYImxLtyRI2bUwRFr2Q=
github.com/hbstack/blog v0.29.1/go.mod h1:seD+hskGzqejUgQJeif45jFXJDP9ltY7UkWBvb0Q/To=
github.com/hbstack/blog v0.30.0/go.mod h1:VRcCQo79uAPKJJ9zILRovLEi5GhJ5kWcfuCcSmbWpa4=
github.com/hbstack/blog v0.31.0/go.mod h1:VRcCQo79uAPKJJ9zILRovLEi5GhJ5kWcfuCcSmbWpa4=
github.com/hbstack/blog v0.31.1/go.mod h1:GO9bM+547de/TtOGP6cETsz8zymLkLrximZHj06B6Co=
github.com/hbstack/blog v0.32.0/go.mod h1:GO9bM+547de/TtOGP6cETsz8zymLkLrximZHj06B6Co=
github.com/hbstack/blog v0.32.1/go.mod h1:GO9bM+547de/TtOGP6cETsz8zymLkLrximZHj06B6Co=
github.com/hbstack/blog v0.32.2/go.mod h1:ArJ8ucu5m8PHmRNk/Y/K5y5JHXZvhnuyV1XKoGuWqd4=
github.com/hbstack/blog v0.33.0/go.mod h1:oYyhhRNxUTAv3zSKPmu43YUgImEn0qsugj6ZdrAshsY=
github.com/hbstack/blog v0.34.0/go.mod h1:X27vP5wZXzOSyOO44Ma0TFd187/SU8z/I1FTZhfmSWM=
github.com/hbstack/blog v0.35.0/go.mod h1:NFSWnd34kl/9062qIgVsJU0Pi4BqLKiLw6BItG3D0VA=
github.com/hbstack/blog v0.35.1/go.mod h1:/A1EQoCCs9zlcn7dWecP0YMUmH2n1juv3DO4e/mfQ+o=
github.com/hbstack/blog v0.35.2/go.mod h1:6uWETL+fybTZEKOJ1BEMXG84B+Ucy0GmfFy1t8Itjjg=
github.com/hbstack/blog v0.35.3/go.mod h1:4yQsuqIiYIyQCLWxgaueK3lRCmAm30pVRdwGEdHE95I=
github.com/hbstack/blog v0.35.4/go.mod h1:noV38aLO4c2nWZPUYgRyvjIX4seSTToaRt4kKImo4KQ=
github.com/hbstack/blog v0.36.1/go.mod h1:IJuliGxBkgSi8wmacZ9CGSlUIRFCCnhyViCzrWxjnlo=
github.com/hbstack/blog v0.37.0/go.mod h1:9yZB+gkRkINisP5uWk5CllGJ4bv211KjkHdsTtvEdjM=
github.com/hbstack/blog v0.37.1/go.mod h1:X4Wo3ClIdrMNXiZ7JbI65pKLNCVt5HJeidFMSIFIwb8=
github.com/hbstack/blog v0.37.2/go.mod h1:ivXn9g7VMsTmlbkrBsY6rA/+8KWESGXZI60CTTCBLyw=
github.com/hbstack/blog v0.37.3/go.mod h1:AIDU/s/QGVJhMB9Y20ZR4L7h2zOCI9XuPBpv11O6rJY=
github.com/hbstack/blog v0.37.4/go.mod h1:kPLAw+tLZGjcnaNevNjo86KS2zQNkblFLiG01qF2O1Q=
github.com/hbstack/blog v0.38.0/go.mod h1:mSWZq1M68aJSjGPv+yfbduABOSNbpBJ9HAM/EIKWxfQ=
github.com/hbstack/footer v0.4.1 h1:dGEIcqCM6K/s9bygnFQlPcVMJn+BblAjaESied8H7ug=
github.com/hbstack/footer v0.4.1/go.mod h1:EvignAN0ShrWDbPAlf9+lrRfJSha9G4wYPDUed4wPzg=
github.com/hbstack/header v0.14.3 h1:86aaE3aMLwEMMGGx16rOdHonuVFMRcIZMWOoYqut4PU=
github.com/hbstack/header v0.14.3/go.mod h1:W7eolpYJctsTD8GVFEj09Ogbqqy8OAqcxBEbW3ZTYIg=
github.com/hbstack/header v0.14.4/go.mod h1:W7eolpYJctsTD8GVFEj09Ogbqqy8OAqcxBEbW3ZTYIg=
github.com/hbstack/header v0.14.5/go.mod h1:W7eolpYJctsTD8GVFEj09Ogbqqy8OAqcxBEbW3ZTYIg=
github.com/hbstack/header v0.14.6/go.mod h1:L/d+aYCUxWqzvdGzsVUI8hWJNESs1qw4emI4Gobvda4=
github.com/hbstack/header v0.15.0/go.mod h1:L/d+aYCUxWqzvdGzsVUI8hWJNESs1qw4emI4Gobvda4=
github.com/hbstack/header v0.15.1/go.mod h1:ruhJLStQ+YHY31W/PpcBSuvKJbWENbbB9RmNkuKnPpk=
github.com/hbstack/header v0.16.0/go.mod h1:ruhJLStQ+YHY31W/PpcBSuvKJbWENbbB9RmNkuKnPpk=
github.com/hbstack/header v0.16.1/go.mod h1:ruhJLStQ+YHY31W/PpcBSuvKJbWENbbB9RmNkuKnPpk=
github.com/hbstack/header v0.16.2/go.mod h1:ruhJLStQ+YHY31W/PpcBSuvKJbWENbbB9RmNkuKnPpk=
github.com/hbstack/socials v0.14.0 h1:h2/WAIPJ9hzlvNiGMRdLo+rvMfla74aA/W9DF5SIYTQ=
github.com/hbstack/socials v0.14.0/go.mod h1:xCbwzO1NzuLhll79QlkG9r/wS0r3Hl5Cy+GhxZBqceo=
github.com/hbstack/socials v0.14.1/go.mod h1:xCbwzO1NzuLhll79QlkG9r/wS0r3Hl5Cy+GhxZBqceo=
github.com/hbstack/socials v0.15.0/go.mod h1:Bu1TdfuxLKtpEImsmuvB8OwbYJaGzOriQbOh3u7gTtc=
github.com/hbstack/socials v0.16.0/go.mod h1:9pfExMNoBMnQ0JV2ODURqUQsEC/HlgUo9b3jXdrHNM4=
github.com/hbstack/socials v0.17.0/go.mod h1:bGfRrGxVWfvwseOzJ+13vHhHpZ+e+f2z8k4ypPBhH10=
github.com/hugomods/base v0.6.0 h1:trDA6k742kUb7VOwrvC564MgalMsAtsQGfB9AZFbVeo=
github.com/hugomods/base v0.6.0/go.mod h1:hnWCPbVxuhXBwdFax3mmbMlWKmIo/7OP36MCLOyHtT4=
github.com/hugomods/base v0.7.0/go.mod h1:hnWCPbVxuhXBwdFax3mmbMlWKmIo/7OP36MCLOyHtT4=
github.com/hugomods/base v0.7.1/go.mod h1:hnWCPbVxuhXBwdFax3mmbMlWKmIo/7OP36MCLOyHtT4=
github.com/hugomods/base v0.7.2/go.mod h1:hnWCPbVxuhXBwdFax3mmbMlWKmIo/7OP36MCLOyHtT4=
github.com/hugomods/hugopress v0.2.3 h1:tbQlJkGcou1KQJOeCN7E3oK8ZREFZoP3kSHcM/Kz718=
github.com/hugomods/hugopress v0.2.3/go.mod h1:CRYvr60xOkZOf4Atkuj+uEj2EH5pjJ39Ws3aJAkoMkA=
github.com/hugomods/hugopress v0.3.0/go.mod h1:CRYvr60xOkZOf4Atkuj+uEj2EH5pjJ39Ws3aJAkoMkA=
github.com/hugomods/hugopress v0.4.0/go.mod h1:CRYvr60xOkZOf4Atkuj+uEj2EH5pjJ39Ws3aJAkoMkA=
github.com/hugomods/hugopress v0.4.1/go.mod h1:CRYvr60xOkZOf4Atkuj+uEj2EH5pjJ39Ws3aJAkoMkA=
github.com/hugomods/hugopress v0.5.0/go.mod h1:CRYvr60xOkZOf4Atkuj+uEj2EH5pjJ39Ws3aJAkoMkA=
github.com/hugomods/icons v0.6.3 h1:2Ra6NU2GOeVvz8vowLq/OZCTzxqhq84MA0TICRBVxeY=
github.com/hugomods/icons v0.6.3/go.mod h1:cIkSvK6W0q6N4U6n9KGz+QfRWQXAW0INd+1P31gPNGg=
github.com/hugomods/icons v0.6.4/go.mod h1:cIkSvK6W0q6N4U6n9KGz+QfRWQXAW0INd+1P31gPNGg=
github.com/hugomods/icons/vendors/bootstrap v0.5.6 h1:4Vj7u52gFUnO+Jj/CqmGfsLroify2aysRpIvgHRNjjI=
github.com/hugomods/icons/vendors/bootstrap v0.5.6/go.mod h1:Sw1RhQvFcsQlJ5a4SKpp7A0XHDYQ0DK0pQwnnx+l+Ao=
github.com/hugomods/icons/vendors/bootstrap v0.5.7/go.mod h1:bTxiIPJ/idHEc35EtvtwSODLpjI+R54BkGdikO3gCmY=
github.com/hugomods/icons/vendors/simple-icons v1.0.38 h1:Kb0oqnHy00GLPllVsMQkc1fWcVv+meiyqki49zP/XyU=
github.com/hugomods/icons/vendors/simple-icons v1.0.38/go.mod h1:XhswsNEfVeOhYACVe9+IIN7Z2AN0keT1ddnWv/vHp9A=
github.com/hugomods/icons/vendors/simple-icons v1.0.39/go.mod h1:Y+C3h6tOJ938GK7dqUxC7nYPtcIcmKOFLlWaikRv+8c=
github.com/hugomods/icons/vendors/simple-icons v1.0.40/go.mod h1:594XsVTJ2lgbzAUy/4OopxsZEeAOKmg8GfOBwiBiCe8=
github.com/hugomods/icons/vendors/simple-icons v1.0.41/go.mod h1:LppcJG9cNDKHw5NRGmyGPBsZoqo+I18HegEgmo2/LVg=
github.com/hugomods/icons/vendors/simple-icons v1.0.42/go.mod h1:fjtQc/rNlpZdGmcT7vmOGbh33/xMD1EKqloJ+A2/1Eo=
github.com/hugomods/icons/vendors/simple-icons v1.0.43/go.mod h1:4XiukTwoxx4f9qLYUsSppODCq7mQx/P/cJp2UDHzECw=
github.com/hugomods/icons/vendors/simple-icons v1.0.44/go.mod h1:7LcqEe8I+bPorVukiTA8m+HHKH/i413NgyItgGuhtRQ=
github.com/hugomods/icons/vendors/simple-icons v1.0.45/go.mod h1:uCOLQy1qICLIFyWZMPUG5FCH2nJEFvZRjEZ4UM4Pvto=
github.com/hugomods/icons/vendors/simple-icons v1.0.46/go.mod h1:OkG7GY2x/zFC9k3ueYcm2vmtNhIMczRb188FLfg+mJI=
github.com/hugomods/icons/vendors/simple-icons v1.0.47/go.mod h1:+OxJaLg5ElwlUW/JhUq7IeuXg0tKLoB8MaOhkWQW0Eg=
github.com/hugomods/icons/vendors/simple-icons v1.0.48/go.mod h1:OW3DGGP2A2ArBfZWjnLsiZShjXr2fltoP57HySYrsTg=
github.com/hugomods/icons/vendors/simple-icons v1.0.49/go.mod h1:K3F3oFb6euvhpRXzWw8sSO+c68uZJZAcazuzxT8XIhc=
github.com/hugomods/icons/vendors/simple-icons v1.0.50/go.mod h1:yc7MBoWIZX7Da0f6beE/Ppxmp7/stWqyGZRZMBErVJw=
github.com/hugomods/icons/vendors/simple-icons v1.0.51/go.mod h1:Uk4BMaWL6ohfjicOQEPZJuhCgWD9beDOkJ8+3zD0m2Q=
github.com/hugomods/icons/vendors/simple-icons v1.0.52/go.mod h1:JkyLPirnYf5HbI2GUZ4O2PGDMA9BsBfNSakPfrOoG00=
github.com/hugomods/icons/vendors/simple-icons v1.0.53/go.mod h1:uhL0lxvPii4EnmJhJcG0yvzgzoGDxw6+95Ouzez+jvc=
github.com/hugomods/icons/vendors/simple-icons v1.0.54/go.mod h1:lAfVp+/D/p4trFjOYi4E+xjzOi4Pp0Sn1r32AhGofXc=
github.com/hugomods/icons/vendors/simple-icons v1.0.55/go.mod h1:DgADd72ssALNAevP4aSMLRFRIdvbPaMA5FKTWfFA+lc=
github.com/hugomods/icons/vendors/simple-icons v1.0.56/go.mod h1:amg6gmRchBb2zrdPIbLAqXViVtNplSvnYL+MZrZSX6g=
github.com/hugomods/seo/modules/base v0.1.1 h1:63exSBQ+CuyN+GEpbCQgTWgHcuiHia2Ox7nwbhsWSDU=
github.com/hugomods/seo/modules/base v0.1.1/go.mod h1:qfm1Vga0eGxL+Szgz8Jopm+NtJ5PGov2a2dikTg1qSg=
github.com/hugomods/seo/modules/base v0.1.2/go.mod h1:qfm1Vga0eGxL+Szgz8Jopm+NtJ5PGov2a2dikTg1qSg=
github.com/hugomods/seo/modules/base v0.1.3/go.mod h1:kKuDlSh6uMjNAfe4j1RFQze4HwTHVKWuLIRsMwENqxs=
github.com/twbs/bootstrap v5.3.2+incompatible/go.mod h1:fZTSrkpSf0/HkL0IIJzvVspTt1r9zuf7XlZau8kpcY0=
github.com/twbs/icons v1.11.3 h1:XhvrQ1XDom9ggBbQx3wQCFGEr8qAQwQP/dAcw8OXMtA=
github.com/twbs/icons v1.11.3/go.mod h1:GnRlymgVWp5iVJCMa0Me5b6tFyGpVc2bSxPMRGIJmyA=
