github.com/gohugoio/hugo-mod-bootstrap-scss/v5 v5.20300.20200 h1:SmpwwN3DNzJWbV+IT8gaFu07ENUFpCvKou5BHYUKuVs=
github.com/gohugoio/hugo-mod-bootstrap-scss/v5 v5.20300.20200/go.mod h1:kx8MBj9T7SFR8ZClWvKZPmmUxBaltkoXvnWlZZcSnYA=
github.com/gohugoio/hugo-mod-jslibs-dist/popperjs/v2 v2.21100.20000/go.mod h1:mFberT6ZtcchrsDtfvJM7aAH2bDKLdOnruUHl0hlapI=
github.com/hbstack/blog v0.16.1 h1:Y+HY0DPZKj1CSBnNyU4/1Bt1yNBpVgJoquEfjQ1hNqQ=
github.com/hbstack/blog v0.16.1/go.mod h1:8sBP+PIq/hKN6Y99DuA3jup+aFUl/bbB8okNgwERNOs=
github.com/hbstack/blog v0.17.0/go.mod h1:Bgd+QmsuBWQQs19OsYSJ08a4Bjc74Ntbda+jROslwZU=
github.com/hbstack/blog v0.18.0/go.mod h1:KnzxoBimPscpB0275kItIJPWM989KPj6ADJIbZTGaY0=
github.com/hbstack/blog v0.18.1/go.mod h1:KnzxoBimPscpB0275kItIJPWM989KPj6ADJIbZTGaY0=
github.com/hbstack/blog v0.19.0/go.mod h1:KnzxoBimPscpB0275kItIJPWM989KPj6ADJIbZTGaY0=
github.com/hbstack/blog v0.19.1/go.mod h1:dKyXHRCRkEA1MzCYPUDu4RhEKDZZ/0zEjveJ0rRPj/k=
github.com/hbstack/blog v0.19.2/go.mod h1:dKyXHRCRkEA1MzCYPUDu4RhEKDZZ/0zEjveJ0rRPj/k=
github.com/hbstack/blog v0.20.0/go.mod h1:54hUZXBYs1tBUVH2ogb2xxXPLMLqTDHmLbwEXt/czJ8=
github.com/hbstack/blog v0.21.0/go.mod h1:uOHUphJ8GjPeFHoGq50aEEsbiQ1OLiBsa8Qll0i3BuY=
github.com/hbstack/blog v0.22.0/go.mod h1:/7lTlv0U75nnxemioHYmBEOW/rYYm+n0s/xjEWnW8FI=
github.com/hbstack/blog v0.22.1/go.mod h1:/7lTlv0U75nnxemioHYmBEOW/rYYm+n0s/xjEWnW8FI=
github.com/hbstack/blog v0.22.2/go.mod h1:chG+CUsXw7iAnB+PU1sYCRzEg/wGIbSDjycnuG0rus4=
github.com/hbstack/blog v0.22.3/go.mod h1:Cgl6vahWLroBnWElXKa8aLcgkXIEAw6/4S+dW8f1AGk=
github.com/hbstack/blog v0.22.4/go.mod h1:Cgl6vahWLroBnWElXKa8aLcgkXIEAw6/4S+dW8f1AGk=
github.com/hbstack/blog v0.22.5/go.mod h1:Cgl6vahWLroBnWElXKa8aLcgkXIEAw6/4S+dW8f1AGk=
github.com/hbstack/blog v0.22.6/go.mod h1:t2NOr8WXadG+x0e7p38D5M8JCOw4G14WyuWg12DTejg=
github.com/hbstack/blog v0.22.7/go.mod h1:t2NOr8WXadG+x0e7p38D5M8JCOw4G14WyuWg12DTejg=
github.com/hbstack/blog v0.22.8/go.mod h1:vTjQqYFAK5nRcKdiktZOgSqOh6F0taDzqykJjjZkGuw=
github.com/hbstack/blog v0.23.0/go.mod h1:+hvHHCoBYAtUDBaf1JD54mJ/XScL+TSa/OZD+OrfbgY=
github.com/hbstack/blog v0.24.0/go.mod h1:+hvHHCoBYAtUDBaf1JD54mJ/XScL+TSa/OZD+OrfbgY=
github.com/hbstack/blog v0.24.1/go.mod h1:kph+UDJmulJJ2UqNN1L9pCYNVMk6qAY9kAVnn/2QIik=
github.com/hbstack/blog v0.24.2/go.mod h1:MVyMZqDGbWrT4FTC7X0mJwoBvanhD22j/0CWsS/saFo=
github.com/hbstack/blog v0.24.3/go.mod h1:54ctuT+rObZR1Ta9PvHvFGfpR+lP4chp5QRsJksht5c=
github.com/hbstack/blog v0.25.0/go.mod h1:tBpnIWjlf0ybe/0j3LVj3dS7FD2GQL0/RMP2qpMYveM=
github.com/hbstack/blog v0.25.1/go.mod h1:XBIbUVJR4ueJQmt8h1C+rB9Q7dZ06EVc36g2ffH0TiU=
github.com/hbstack/blog v0.25.2/go.mod h1:RHtaIph9jKCXLIMVzdc9voX7pSu6fpk2IPzVwGLWjKc=
github.com/hbstack/blog v0.26.0/go.mod h1:y3guhi3enHGM4+RKekB8NaewEw8EczmCU+HvmgIsjSU=
github.com/hbstack/blog v0.26.1/go.mod h1:WBmo3M7F5HFabY2nWU8g2oJ8RK7rAynxKwVWf15AAIQ=
github.com/hbstack/blog v0.26.2/go.mod h1:WBmo3M7F5HFabY2nWU8g2oJ8RK7rAynxKwVWf15AAIQ=
github.com/hbstack/blog v0.26.3/go.mod h1:WBmo3M7F5HFabY2nWU8g2oJ8RK7rAynxKwVWf15AAIQ=
github.com/hbstack/blog v0.27.0/go.mod h1:WBmo3M7F5HFabY2nWU8g2oJ8RK7rAynxKwVWf15AAIQ=
github.com/hbstack/blog v0.27.1/go.mod h1:WBmo3M7F5HFabY2nWU8g2oJ8RK7rAynxKwVWf15AAIQ=
github.com/hbstack/blog v0.27.2/go.mod h1:WBmo3M7F5HFabY2nWU8g2oJ8RK7rAynxKwVWf15AAIQ=
github.com/hbstack/blog v0.28.0/go.mod h1:oHNJCMj0cwY+pc64teoXwRRgdwmLofeOYnSZNm0jIeU=
github.com/hbstack/blog v0.29.0/go.mod h1:JeosIMEAE5RvRokP03xIVhPL1n19e0oyfvaMNzr+OpE=
github.com/hbstack/blog v0.29.1/go.mod h1:seD+hskGzqejUgQJeif45jFXJDP9ltY7UkWBvb0Q/To=
github.com/hbstack/blog v0.30.0/go.mod h1:VRcCQo79uAPKJJ9zILRovLEi5GhJ5kWcfuCcSmbWpa4=
github.com/hbstack/blog v0.31.0/go.mod h1:VRcCQo79uAPKJJ9zILRovLEi5GhJ5kWcfuCcSmbWpa4=
github.com/hbstack/blog v0.31.1/go.mod h1:GO9bM+547de/TtOGP6cETsz8zymLkLrximZHj06B6Co=
github.com/hbstack/blog v0.32.0/go.mod h1:GO9bM+547de/TtOGP6cETsz8zymLkLrximZHj06B6Co=
github.com/hbstack/blog v0.32.1/go.mod h1:GO9bM+547de/TtOGP6cETsz8zymLkLrximZHj06B6Co=
github.com/hbstack/blog v0.32.2/go.mod h1:ArJ8ucu5m8PHmRNk/Y/K5y5JHXZvhnuyV1XKoGuWqd4=
github.com/hbstack/blog v0.33.0/go.mod h1:oYyhhRNxUTAv3zSKPmu43YUgImEn0qsugj6ZdrAshsY=
github.com/hbstack/blog v0.34.0/go.mod h1:X27vP5wZXzOSyOO44Ma0TFd187/SU8z/I1FTZhfmSWM=
github.com/hbstack/blog v0.35.0/go.mod h1:NFSWnd34kl/9062qIgVsJU0Pi4BqLKiLw6BItG3D0VA=
github.com/hbstack/blog v0.35.1/go.mod h1:/A1EQoCCs9zlcn7dWecP0YMUmH2n1juv3DO4e/mfQ+o=
github.com/hbstack/blog v0.35.2/go.mod h1:6uWETL+fybTZEKOJ1BEMXG84B+Ucy0GmfFy1t8Itjjg=
github.com/hbstack/blog v0.35.3/go.mod h1:4yQsuqIiYIyQCLWxgaueK3lRCmAm30pVRdwGEdHE95I=
github.com/hbstack/blog v0.35.4/go.mod h1:noV38aLO4c2nWZPUYgRyvjIX4seSTToaRt4kKImo4KQ=
github.com/hbstack/blog v0.36.1/go.mod h1:IJuliGxBkgSi8wmacZ9CGSlUIRFCCnhyViCzrWxjnlo=
github.com/hbstack/blog v0.37.0/go.mod h1:9yZB+gkRkINisP5uWk5CllGJ4bv211KjkHdsTtvEdjM=
github.com/hbstack/blog v0.37.1/go.mod h1:X4Wo3ClIdrMNXiZ7JbI65pKLNCVt5HJeidFMSIFIwb8=
github.com/hbstack/blog v0.37.2/go.mod h1:ivXn9g7VMsTmlbkrBsY6rA/+8KWESGXZI60CTTCBLyw=
github.com/hbstack/blog v0.37.3/go.mod h1:AIDU/s/QGVJhMB9Y20ZR4L7h2zOCI9XuPBpv11O6rJY=
github.com/hbstack/blog v0.37.4/go.mod h1:kPLAw+tLZGjcnaNevNjo86KS2zQNkblFLiG01qF2O1Q=
github.com/hbstack/blog v0.38.0/go.mod h1:mSWZq1M68aJSjGPv+yfbduABOSNbpBJ9HAM/EIKWxfQ=
github.com/hbstack/content-panel v0.2.3 h1:17yanNAuTl3aQn/p3ZMe8xb2jkc7DYkPVk4FT5JYx0M=
github.com/hbstack/content-panel v0.2.3/go.mod h1:btJhaVMoOh9mSAqM4sFfjsCCJB/D253cnR//Y7Lx5xI=
github.com/hbstack/content-panel v0.3.0/go.mod h1:btJhaVMoOh9mSAqM4sFfjsCCJB/D253cnR//Y7Lx5xI=
github.com/hbstack/content-panel v0.4.1/go.mod h1:Wdl9hl4rLOcQsMfdxK0BXeIdR0HOvo+t9/FV+YO2dm4=
github.com/hbstack/content-panel v0.5.0/go.mod h1:Wdl9hl4rLOcQsMfdxK0BXeIdR0HOvo+t9/FV+YO2dm4=
github.com/hbstack/content-panel v0.6.0/go.mod h1:Wdl9hl4rLOcQsMfdxK0BXeIdR0HOvo+t9/FV+YO2dm4=
github.com/hbstack/content-panel v0.7.0/go.mod h1:Wdl9hl4rLOcQsMfdxK0BXeIdR0HOvo+t9/FV+YO2dm4=
github.com/hbstack/content-panel v0.7.1/go.mod h1:Hu7l0CBytB9B83NFZ0bWFffV1WRPSrJEaAilApnyxzY=
github.com/hbstack/content-panel v0.7.2/go.mod h1:Hu7l0CBytB9B83NFZ0bWFffV1WRPSrJEaAilApnyxzY=
github.com/hbstack/content-panel v0.8.0/go.mod h1:lEyMXJYCNHL6fkT260oX2FnXF6gD5Vd3EytifVuz3iQ=
github.com/hbstack/content-panel v0.9.0/go.mod h1:lEyMXJYCNHL6fkT260oX2FnXF6gD5Vd3EytifVuz3iQ=
github.com/hbstack/content-panel v0.10.0/go.mod h1:lEyMXJYCNHL6fkT260oX2FnXF6gD5Vd3EytifVuz3iQ=
github.com/hbstack/content-panel v0.10.1/go.mod h1:lEyMXJYCNHL6fkT260oX2FnXF6gD5Vd3EytifVuz3iQ=
github.com/hbstack/content-panel v0.10.2/go.mod h1:KwqGZkheSR7BfSBzuP13oAurMSaIh2atCeweNRFUUqA=
github.com/hbstack/footer v0.2.5 h1:SBelvFYo8/IDPisprlZxEaR70PXcoHfjL+2mm1ir6/A=
github.com/hbstack/footer v0.2.5/go.mod h1:L0ZYdYRROlGUGLRA9QchkYeByHIff/EU4WKRdAUW+E8=
github.com/hbstack/footer v0.2.6/go.mod h1:MqglUBsBvlatiE5utMwLlnwHxLLOPe89zFmuD4HM37M=
github.com/hbstack/footer v0.2.7/go.mod h1:MqglUBsBvlatiE5utMwLlnwHxLLOPe89zFmuD4HM37M=
github.com/hbstack/footer v0.2.8/go.mod h1:9lJgQPtlefBNs/nrdt6Qr/hF5CjvymwkUVBunjdgrcg=
github.com/hbstack/footer v0.2.9/go.mod h1:9lJgQPtlefBNs/nrdt6Qr/hF5CjvymwkUVBunjdgrcg=
github.com/hbstack/footer v0.2.10/go.mod h1:z779/sE1prEcABuz4RjhSwA8QkFLkmf+xv/5yM3BtPc=
github.com/hbstack/footer v0.3.0/go.mod h1:mYITqQNk4PJWxPciS4/r0bRuB3cDDOXZ3dGwIHuYTME=
github.com/hbstack/footer v0.4.0/go.mod h1:5eB1ETT2WO5pNHObzRpFdwzrcQnHDGoBUOi+gtX/fa4=
github.com/hbstack/footer v0.4.1/go.mod h1:EvignAN0ShrWDbPAlf9+lrRfJSha9G4wYPDUed4wPzg=
github.com/hbstack/header v0.12.0 h1:VMqJP3v2SMPnsiZ7VkcE1C1scyBc47FHM8AeDFbGBwI=
github.com/hbstack/header v0.12.0/go.mod h1:MkFJjAqVs/pgOEBjdCzBTdjT6q43It0PGvZh56OkdB4=
github.com/hbstack/header v0.12.1/go.mod h1:MkFJjAqVs/pgOEBjdCzBTdjT6q43It0PGvZh56OkdB4=
github.com/hbstack/header v0.12.2/go.mod h1:Tr1ae4nQQ43FQM+z/GcCPwTANmuJ8NaUpzcEcN4ynTg=
github.com/hbstack/header v0.12.3/go.mod h1:Tr1ae4nQQ43FQM+z/GcCPwTANmuJ8NaUpzcEcN4ynTg=
github.com/hbstack/header v0.12.4/go.mod h1:4XKdpn0KyL9VN8tFRsVqU8AF5eOM1Gw5+vvhXlsF/X0=
github.com/hbstack/header v0.12.5/go.mod h1:qJ6oP59zCAmkKnFALrEOBo92dnAmxCkYeG1uFjmVMj8=
github.com/hbstack/header v0.12.6/go.mod h1:7veV7tRH43rdYf4OIhoiy473Y/qoyeAJhglGTO+egKE=
github.com/hbstack/header v0.12.7/go.mod h1:UmRz21kEHDZjFA+TGjWSM/68WL8xHK15CmNgWBM9BEM=
github.com/hbstack/header v0.13.0/go.mod h1:F50k0BteNpwlfSs4V+5k4jn+ozqRnjTfxugUT7esA80=
github.com/hbstack/header v0.14.0/go.mod h1:F50k0BteNpwlfSs4V+5k4jn+ozqRnjTfxugUT7esA80=
github.com/hbstack/header v0.14.1/go.mod h1:f0GHuDsvRYKmseNq10MAqX9yySxNQTKFNwW+z1p3YWg=
github.com/hbstack/header v0.14.2/go.mod h1:ixl3LE1P436T4lVErrUVTyRv7fYqEs4zLc1OeBK+VqI=
github.com/hbstack/header v0.14.3/go.mod h1:W7eolpYJctsTD8GVFEj09Ogbqqy8OAqcxBEbW3ZTYIg=
github.com/hbstack/header v0.14.4/go.mod h1:W7eolpYJctsTD8GVFEj09Ogbqqy8OAqcxBEbW3ZTYIg=
github.com/hbstack/header v0.14.5/go.mod h1:W7eolpYJctsTD8GVFEj09Ogbqqy8OAqcxBEbW3ZTYIg=
github.com/hbstack/header v0.14.6/go.mod h1:L/d+aYCUxWqzvdGzsVUI8hWJNESs1qw4emI4Gobvda4=
github.com/hbstack/header v0.15.0/go.mod h1:L/d+aYCUxWqzvdGzsVUI8hWJNESs1qw4emI4Gobvda4=
github.com/hbstack/header v0.15.1/go.mod h1:ruhJLStQ+YHY31W/PpcBSuvKJbWENbbB9RmNkuKnPpk=
github.com/hbstack/header v0.16.0/go.mod h1:ruhJLStQ+YHY31W/PpcBSuvKJbWENbbB9RmNkuKnPpk=
github.com/hbstack/header v0.16.1/go.mod h1:ruhJLStQ+YHY31W/PpcBSuvKJbWENbbB9RmNkuKnPpk=
github.com/hbstack/header v0.16.2/go.mod h1:ruhJLStQ+YHY31W/PpcBSuvKJbWENbbB9RmNkuKnPpk=
github.com/hugomods/base v0.2.0 h1:O/ZzXPA9LJvNbkfmx0nJX9LHjEnQjAPmCwd2APwhnPU=
github.com/hugomods/base v0.2.0/go.mod h1:hnWCPbVxuhXBwdFax3mmbMlWKmIo/7OP36MCLOyHtT4=
github.com/hugomods/base v0.3.0/go.mod h1:hnWCPbVxuhXBwdFax3mmbMlWKmIo/7OP36MCLOyHtT4=
github.com/hugomods/base v0.4.0/go.mod h1:hnWCPbVxuhXBwdFax3mmbMlWKmIo/7OP36MCLOyHtT4=
github.com/hugomods/base v0.4.1/go.mod h1:hnWCPbVxuhXBwdFax3mmbMlWKmIo/7OP36MCLOyHtT4=
github.com/hugomods/base v0.4.2/go.mod h1:hnWCPbVxuhXBwdFax3mmbMlWKmIo/7OP36MCLOyHtT4=
github.com/hugomods/base v0.5.0/go.mod h1:hnWCPbVxuhXBwdFax3mmbMlWKmIo/7OP36MCLOyHtT4=
github.com/hugomods/base v0.6.0/go.mod h1:hnWCPbVxuhXBwdFax3mmbMlWKmIo/7OP36MCLOyHtT4=
github.com/hugomods/base v0.7.0/go.mod h1:hnWCPbVxuhXBwdFax3mmbMlWKmIo/7OP36MCLOyHtT4=
github.com/hugomods/base v0.7.1/go.mod h1:hnWCPbVxuhXBwdFax3mmbMlWKmIo/7OP36MCLOyHtT4=
github.com/hugomods/base v0.7.2/go.mod h1:hnWCPbVxuhXBwdFax3mmbMlWKmIo/7OP36MCLOyHtT4=
github.com/hugomods/hugopress v0.2.1 h1:coYEPHUNLuTxKrVWVIPgs0lbZ6yrqxdWjgSriNFuBVo=
github.com/hugomods/hugopress v0.2.1/go.mod h1:CRYvr60xOkZOf4Atkuj+uEj2EH5pjJ39Ws3aJAkoMkA=
github.com/hugomods/hugopress v0.2.2/go.mod h1:CRYvr60xOkZOf4Atkuj+uEj2EH5pjJ39Ws3aJAkoMkA=
github.com/hugomods/hugopress v0.2.3/go.mod h1:CRYvr60xOkZOf4Atkuj+uEj2EH5pjJ39Ws3aJAkoMkA=
github.com/hugomods/hugopress v0.3.0/go.mod h1:CRYvr60xOkZOf4Atkuj+uEj2EH5pjJ39Ws3aJAkoMkA=
github.com/hugomods/hugopress v0.4.0/go.mod h1:CRYvr60xOkZOf4Atkuj+uEj2EH5pjJ39Ws3aJAkoMkA=
github.com/hugomods/hugopress v0.4.1/go.mod h1:CRYvr60xOkZOf4Atkuj+uEj2EH5pjJ39Ws3aJAkoMkA=
github.com/hugomods/hugopress v0.5.0/go.mod h1:CRYvr60xOkZOf4Atkuj+uEj2EH5pjJ39Ws3aJAkoMkA=
github.com/hugomods/icons v0.6.0 h1:G6RU93okhPPRDh/jqcew9gwkcYpSpg0rCBv4S6yUAFw=
github.com/hugomods/icons v0.6.0/go.mod h1:cIkSvK6W0q6N4U6n9KGz+QfRWQXAW0INd+1P31gPNGg=
github.com/hugomods/icons v0.6.1/go.mod h1:cIkSvK6W0q6N4U6n9KGz+QfRWQXAW0INd+1P31gPNGg=
github.com/hugomods/icons v0.6.2/go.mod h1:cIkSvK6W0q6N4U6n9KGz+QfRWQXAW0INd+1P31gPNGg=
github.com/hugomods/icons v0.6.3/go.mod h1:cIkSvK6W0q6N4U6n9KGz+QfRWQXAW0INd+1P31gPNGg=
github.com/hugomods/icons v0.6.4/go.mod h1:cIkSvK6W0q6N4U6n9KGz+QfRWQXAW0INd+1P31gPNGg=
github.com/hugomods/icons/vendors/simple-icons v1.0.18 h1:glig4G/c4QTi0qyND0YkQTf0wlS5MySxQJs1EZqnAD8=
github.com/hugomods/icons/vendors/simple-icons v1.0.18/go.mod h1:8pAAI7UX84AUnxTRCVJ8u9oZUgeRHteLnkZwbf+ogKc=
github.com/hugomods/icons/vendors/simple-icons v1.0.19/go.mod h1:9MeUCHoTT5TXJnS+YRv5ML8VZrDBvYEJx0sWjw0hHfM=
github.com/hugomods/icons/vendors/simple-icons v1.0.20/go.mod h1:8wbqQIjRS1HdnGDhTIhgfpHjfRDU5/k3223eEVJYyeE=
github.com/hugomods/icons/vendors/simple-icons v1.0.21/go.mod h1:l5nhvpMaZiL2iVTl0KCvOE5PzXUfXsODQiQ5u7fqX9w=
github.com/hugomods/icons/vendors/simple-icons v1.0.22/go.mod h1:baULjal4gCvJeiuE4BMxkR2Gh1IWhVvJRJ0FJiSxMwo=
github.com/hugomods/icons/vendors/simple-icons v1.0.23/go.mod h1:o6weSXwunOIg3Gu3XoA5ZHo1vBzJRhKpbJJBdIb1Rpg=
github.com/hugomods/icons/vendors/simple-icons v1.0.24/go.mod h1:de5K5DTbhux0E8u9stiNIqtJ5O/k29xOAqoYTnhsKMw=
github.com/hugomods/icons/vendors/simple-icons v1.0.25/go.mod h1:Yi5H1QtUn2ijo/jEkgjHi5i5jnjIkmREZuJ1qzuRqh0=
github.com/hugomods/icons/vendors/simple-icons v1.0.26/go.mod h1:TM3sfNzBmqrckH18wYC0ksdsqvZFpZULE0gnbSeNoUY=
github.com/hugomods/icons/vendors/simple-icons v1.0.27/go.mod h1:1JLmxEWlmmxE67YzC/CbP19QEfFMoucbLzMWvJ5N4DQ=
github.com/hugomods/icons/vendors/simple-icons v1.0.28/go.mod h1:p1h2vSOPRPf+wlqISlrZPNZqF6dLdg4T0l9A05KM4BM=
github.com/hugomods/icons/vendors/simple-icons v1.0.29/go.mod h1:xarNh9bs80owlZgbN9TP894ITqsjiClD3B/JIJtfYL8=
github.com/hugomods/icons/vendors/simple-icons v1.0.30/go.mod h1:xarNh9bs80owlZgbN9TP894ITqsjiClD3B/JIJtfYL8=
github.com/hugomods/icons/vendors/simple-icons v1.0.31/go.mod h1:mXoItc29/obFr5EOEiDmrLMZQ+3juCch3YyQ8Jo6ElA=
github.com/hugomods/icons/vendors/simple-icons v1.0.32/go.mod h1:l038jUYiTs8kdeAcGBVj4cuP25KQku6gb/H0NDjix3Y=
github.com/hugomods/icons/vendors/simple-icons v1.0.33/go.mod h1:La0IFKLpjIf2fJduy4tD89ZYlyv8rfcDA+WW5enNUFM=
github.com/hugomods/icons/vendors/simple-icons v1.0.34/go.mod h1:5gxe7UQ8FingkIsuIid/a3C0BwhH9aYtCzwjf/2Cm/o=
github.com/hugomods/icons/vendors/simple-icons v1.0.35/go.mod h1:uc0Ig96nm0s46VMxdy1Hzy9BEmLq0c1nIbPzuMlgILI=
github.com/hugomods/icons/vendors/simple-icons v1.0.36/go.mod h1:831A05oHGziqogtDl3NW7ZjtHpnPTzhK/w/19/mnH+E=
github.com/hugomods/icons/vendors/simple-icons v1.0.37/go.mod h1:YnC8ZUSGAKOhW3aY8qugJLe6w5Ck/k8EXBzGmKN5YdA=
github.com/hugomods/icons/vendors/simple-icons v1.0.38/go.mod h1:XhswsNEfVeOhYACVe9+IIN7Z2AN0keT1ddnWv/vHp9A=
github.com/hugomods/icons/vendors/simple-icons v1.0.39/go.mod h1:Y+C3h6tOJ938GK7dqUxC7nYPtcIcmKOFLlWaikRv+8c=
github.com/hugomods/icons/vendors/simple-icons v1.0.40/go.mod h1:594XsVTJ2lgbzAUy/4OopxsZEeAOKmg8GfOBwiBiCe8=
github.com/hugomods/icons/vendors/simple-icons v1.0.41/go.mod h1:LppcJG9cNDKHw5NRGmyGPBsZoqo+I18HegEgmo2/LVg=
github.com/hugomods/icons/vendors/simple-icons v1.0.42/go.mod h1:fjtQc/rNlpZdGmcT7vmOGbh33/xMD1EKqloJ+A2/1Eo=
github.com/hugomods/icons/vendors/simple-icons v1.0.43/go.mod h1:4XiukTwoxx4f9qLYUsSppODCq7mQx/P/cJp2UDHzECw=
github.com/hugomods/icons/vendors/simple-icons v1.0.44/go.mod h1:7LcqEe8I+bPorVukiTA8m+HHKH/i413NgyItgGuhtRQ=
github.com/hugomods/icons/vendors/simple-icons v1.0.45/go.mod h1:uCOLQy1qICLIFyWZMPUG5FCH2nJEFvZRjEZ4UM4Pvto=
github.com/hugomods/icons/vendors/simple-icons v1.0.46/go.mod h1:OkG7GY2x/zFC9k3ueYcm2vmtNhIMczRb188FLfg+mJI=
github.com/hugomods/icons/vendors/simple-icons v1.0.47/go.mod h1:+OxJaLg5ElwlUW/JhUq7IeuXg0tKLoB8MaOhkWQW0Eg=
github.com/hugomods/icons/vendors/simple-icons v1.0.48/go.mod h1:OW3DGGP2A2ArBfZWjnLsiZShjXr2fltoP57HySYrsTg=
github.com/hugomods/icons/vendors/simple-icons v1.0.49/go.mod h1:K3F3oFb6euvhpRXzWw8sSO+c68uZJZAcazuzxT8XIhc=
github.com/hugomods/icons/vendors/simple-icons v1.0.50/go.mod h1:yc7MBoWIZX7Da0f6beE/Ppxmp7/stWqyGZRZMBErVJw=
github.com/hugomods/icons/vendors/simple-icons v1.0.51/go.mod h1:Uk4BMaWL6ohfjicOQEPZJuhCgWD9beDOkJ8+3zD0m2Q=
github.com/hugomods/icons/vendors/simple-icons v1.0.52/go.mod h1:JkyLPirnYf5HbI2GUZ4O2PGDMA9BsBfNSakPfrOoG00=
github.com/hugomods/icons/vendors/simple-icons v1.0.53/go.mod h1:uhL0lxvPii4EnmJhJcG0yvzgzoGDxw6+95Ouzez+jvc=
github.com/hugomods/icons/vendors/simple-icons v1.0.54/go.mod h1:lAfVp+/D/p4trFjOYi4E+xjzOi4Pp0Sn1r32AhGofXc=
github.com/hugomods/icons/vendors/simple-icons v1.0.55/go.mod h1:DgADd72ssALNAevP4aSMLRFRIdvbPaMA5FKTWfFA+lc=
github.com/hugomods/icons/vendors/simple-icons v1.0.56/go.mod h1:amg6gmRchBb2zrdPIbLAqXViVtNplSvnYL+MZrZSX6g=
github.com/hugomods/seo/modules/base v0.1.0 h1:ZEkWuYeRJeQakBkBThO3N3lmGzOZoPixs4pDugJXfJk=
github.com/hugomods/seo/modules/base v0.1.0/go.mod h1:qfm1Vga0eGxL+Szgz8Jopm+NtJ5PGov2a2dikTg1qSg=
github.com/hugomods/seo/modules/base v0.1.1/go.mod h1:qfm1Vga0eGxL+Szgz8Jopm+NtJ5PGov2a2dikTg1qSg=
github.com/hugomods/seo/modules/base v0.1.2/go.mod h1:qfm1Vga0eGxL+Szgz8Jopm+NtJ5PGov2a2dikTg1qSg=
github.com/hugomods/seo/modules/base v0.1.3/go.mod h1:kKuDlSh6uMjNAfe4j1RFQze4HwTHVKWuLIRsMwENqxs=
github.com/twbs/bootstrap v5.3.2+incompatible/go.mod h1:fZTSrkpSf0/HkL0IIJzvVspTt1r9zuf7XlZau8kpcY0=
github.com/twbs/icons v1.11.1 h1:lMKkMwupTDfBJWXx6RFLwfYuCmqG/uUAu2LaOf7bZjU=
github.com/twbs/icons v1.11.1/go.mod h1:GnRlymgVWp5iVJCMa0Me5b6tFyGpVc2bSxPMRGIJmyA=
github.com/twbs/icons v1.11.2/go.mod h1:GnRlymgVWp5iVJCMa0Me5b6tFyGpVc2bSxPMRGIJmyA=
github.com/twbs/icons v1.11.3/go.mod h1:GnRlymgVWp5iVJCMa0Me5b6tFyGpVc2bSxPMRGIJmyA=
