github.com/gohugoio/hugo-mod-bootstrap-scss/v5 v5.20300.20002 h1:6F6sjCSkFIIgqLp4SEIL1Ao9ZfKyM6OmgqEdTlc58Yk=
github.com/gohugoio/hugo-mod-bootstrap-scss/v5 v5.20300.20002/go.mod h1:Q6TrjM78wB13zkOMBSV4IZIZ54tbshmE2fem9CYx2pU=
github.com/gohugoio/hugo-mod-bootstrap-scss/v5 v5.20300.20003/go.mod h1:mvM05r93HiefwoaxQTaYiJxtJAhTebwQtU1Xh/J+Okk=
github.com/gohugoio/hugo-mod-jslibs-dist/popperjs/v2 v2.21100.20000/go.mod h1:mFberT6ZtcchrsDtfvJM7aAH2bDKLdOnruUHl0hlapI=
github.com/hbstack/blog v0.11.0 h1:kiXzBilexVL0KG0IyoaL6Rae/NP0cPtBgCrA+T7p+rI=
github.com/hbstack/blog v0.11.0/go.mod h1:8untxY8tIK3Sn012FMZ8//vNJq/qsQGssjtxvw10h+c=
github.com/hbstack/blog v0.12.0/go.mod h1:XvHAuckGpvvwW8Dz9d4zKygMuts2anqC1uwzsxpJ1PY=
github.com/hbstack/blog v0.12.1/go.mod h1:chvHHlxjjnBTk/6x1ZzDU7/9h6NjRYHyzBAvqdAoP6I=
github.com/hbstack/blog v0.13.0/go.mod h1:YkVxwGDRWYwkk8o4FMnWBA/QGytmk7MDqmiv32I0xlM=
github.com/hbstack/blog v0.14.0/go.mod h1:qM7rXyw88WzFhMzXlq/gz3IrO7OUkRqqtOcpafnmUMQ=
github.com/hbstack/blog v0.15.0/go.mod h1:qM7rXyw88WzFhMzXlq/gz3IrO7OUkRqqtOcpafnmUMQ=
github.com/hbstack/blog v0.15.1/go.mod h1:bXapLbkLEutvrfG46HFg1E/YRL8umNeoGbVzCJz4Lco=
github.com/hbstack/blog v0.15.2/go.mod h1:wkpk4NRbmwB3A+tu0KZFQ5qkPDbF/Vgvxgiot2olM+0=
github.com/hbstack/blog v0.15.3/go.mod h1:wkpk4NRbmwB3A+tu0KZFQ5qkPDbF/Vgvxgiot2olM+0=
github.com/hbstack/blog v0.15.5/go.mod h1:PUptR70n73JrJPvp7DwG4BsOKSD8vQUVjRFmTreVY4o=
github.com/hbstack/blog v0.15.6/go.mod h1:PUptR70n73JrJPvp7DwG4BsOKSD8vQUVjRFmTreVY4o=
github.com/hbstack/blog v0.15.7/go.mod h1:l9CC8dn4Ld/OZTxLFq1Q2s+DMCnisgE6fUxXXT8Q5Ks=
github.com/hbstack/blog v0.15.8/go.mod h1:eyO2jY0S5VC7D2DPAW80c0YEAj8+8fyRmKvlKBwTV9Y=
github.com/hbstack/content-panel v0.2.1 h1:gJrYTs3ZBoFtr8Nz3n0qBgYVw2p85ckHliMgSEy+Tw0=
github.com/hbstack/content-panel v0.2.1/go.mod h1:uziMPdakxW3G06PtvzB7peAI4h4ALWHP3xSbyHFWx+k=
github.com/hbstack/content-panel v0.2.2/go.mod h1:3ULgfai6RGTGpd7+pS+eeZSZr2qKgofonncXSEIpz8M=
github.com/hbstack/footer v0.2.1 h1:GZbSRcGNMeKAiDLeai0cPaEnztkDBraTNQqe2uap944=
github.com/hbstack/footer v0.2.1/go.mod h1:ldb4b95D/7NVWQWFTIngasypCA+QQQRj1I+1BEyOi/c=
github.com/hbstack/footer v0.2.2/go.mod h1:ap949YxPpXEhcYPoZt2RTCS3tfeEMwsdRIqSvCrM2No=
github.com/hbstack/footer v0.2.3/go.mod h1:83AHk2CsJmFjLu6Tz1z/indPsWFU3WGVb3EI/IX2g1k=
github.com/hbstack/header v0.1.17 h1:lIZuV4+WGsLWxWxEitec3ItAryQoGELpvNHkoYw25tY=
github.com/hbstack/header v0.1.17/go.mod h1:YEYnlqmhotkQdFbSzN/ZQT55kLLfMdvVVIzEDMFgTz4=
github.com/hbstack/header v0.2.0/go.mod h1:zw0yPq+tdR9djAdPG9tgNN3MV1IT5m0n6Z9AgG+n2WY=
github.com/hbstack/header v0.3.0/go.mod h1:zw0yPq+tdR9djAdPG9tgNN3MV1IT5m0n6Z9AgG+n2WY=
github.com/hbstack/header v0.4.1/go.mod h1:zw0yPq+tdR9djAdPG9tgNN3MV1IT5m0n6Z9AgG+n2WY=
github.com/hbstack/header v0.4.2/go.mod h1:zw0yPq+tdR9djAdPG9tgNN3MV1IT5m0n6Z9AgG+n2WY=
github.com/hbstack/header v0.4.3/go.mod h1:zw0yPq+tdR9djAdPG9tgNN3MV1IT5m0n6Z9AgG+n2WY=
github.com/hbstack/header v0.4.4/go.mod h1:BMdysr68KL0Qmo0mufE2AepsO5YXSbBkjmIrwydhpng=
github.com/hbstack/header v0.6.0/go.mod h1:BMdysr68KL0Qmo0mufE2AepsO5YXSbBkjmIrwydhpng=
github.com/hbstack/header v0.7.1/go.mod h1:BMdysr68KL0Qmo0mufE2AepsO5YXSbBkjmIrwydhpng=
github.com/hbstack/header v0.8.0/go.mod h1:ZnACw6m73xB7Z5TUTyjErh6yURnMDDSWj8BVVrR9/+M=
github.com/hbstack/header v0.8.1/go.mod h1:ZnACw6m73xB7Z5TUTyjErh6yURnMDDSWj8BVVrR9/+M=
github.com/hbstack/header v0.8.2/go.mod h1:ihpMPmzro0155ZHtd3t95C1R5NN61JUZ/0Hng3GpiGo=
github.com/hbstack/header v0.9.0/go.mod h1:ihpMPmzro0155ZHtd3t95C1R5NN61JUZ/0Hng3GpiGo=
github.com/hugomods/base v0.1.0 h1:3o9Y85BvXHjkYzZfswM/EtthQ8GOYKN8aXHkIWqu3/8=
github.com/hugomods/base v0.1.0/go.mod h1:hnWCPbVxuhXBwdFax3mmbMlWKmIo/7OP36MCLOyHtT4=
github.com/hugomods/hugopress v0.1.0 h1:qktwbSWtbrEz/nX2wBmxDLzzS4o6/rjp7p0GWcOZ+PU=
github.com/hugomods/hugopress v0.1.0/go.mod h1:CRYvr60xOkZOf4Atkuj+uEj2EH5pjJ39Ws3aJAkoMkA=
github.com/hugomods/hugopress v0.2.0/go.mod h1:CRYvr60xOkZOf4Atkuj+uEj2EH5pjJ39Ws3aJAkoMkA=
github.com/hugomods/hugopress v0.2.1/go.mod h1:CRYvr60xOkZOf4Atkuj+uEj2EH5pjJ39Ws3aJAkoMkA=
github.com/hugomods/icons v0.6.0 h1:G6RU93okhPPRDh/jqcew9gwkcYpSpg0rCBv4S6yUAFw=
github.com/hugomods/icons v0.6.0/go.mod h1:cIkSvK6W0q6N4U6n9KGz+QfRWQXAW0INd+1P31gPNGg=
github.com/hugomods/icons/vendors/simple-icons v0.14.0 h1:PGMxDt1Akiuiigc5TSXNHwXNmkDu6/gTC1CGK+wRa4I=
github.com/hugomods/icons/vendors/simple-icons v0.14.0/go.mod h1:KOf0KCVA3Jor+RJuEv85KdLWYYmTtNhHhgDPJ0SZCRo=
github.com/hugomods/icons/vendors/simple-icons v1.0.0/go.mod h1:duXcma6ScEU7Gi4kAprs2x9qjbwBvZUNg43aab9TZLQ=
github.com/hugomods/icons/vendors/simple-icons v1.0.1/go.mod h1:+q9NgDTgTCyW+i4bDFRGQRVCll8rCUABb9/jDJoV1a4=
github.com/hugomods/icons/vendors/simple-icons v1.0.2/go.mod h1:H/2FX6ppiVXZ0vZZGAsLWcKSXwWScWLj+jg/jJhOgKk=
github.com/hugomods/icons/vendors/simple-icons v1.0.3/go.mod h1:eIIxzyoFEBGa8FBHGN5EVzFPeMhfM9SKOWh03GAV8YQ=
github.com/hugomods/icons/vendors/simple-icons v1.0.4/go.mod h1:x+XHib1FAzV3VhJsbFLTp5QWIIwix2zIbFk9pbdtQic=
github.com/hugomods/icons/vendors/simple-icons v1.0.5/go.mod h1:/0ymjuFQC+F55KuogJdSN+lnOtPmAa9YGVBXhyMbD4I=
github.com/hugomods/icons/vendors/simple-icons v1.0.6/go.mod h1:+1Qnf9FmQIyDt/g+6K+HUOOsGy80jFJK+FrAUiIcEfI=
github.com/hugomods/icons/vendors/simple-icons v1.0.7/go.mod h1:gsIKzWh2wXyio1vxffn116X6pU1WU2uH8e5sYoPxgnI=
github.com/hugomods/icons/vendors/simple-icons v1.0.8/go.mod h1:eFPGdL9XRcNglAUvXIFfAhkFLRIs6Pe0nRpXGHqkXTY=
github.com/hugomods/icons/vendors/simple-icons v1.0.9/go.mod h1:N25uIaNZSI+V/7sIVzIiVYzLdLb8wLQdtU8+bDqAfFE=
github.com/hugomods/icons/vendors/simple-icons v1.0.10/go.mod h1:Q89vk6C3APCGLGitoKG4lcoZN/iCn5wVilAraxrxtFQ=
github.com/hugomods/icons/vendors/simple-icons v1.0.11/go.mod h1:ygxynoNwK4aE9ijEAZHtTV4V/FaovN4kHKH9m7X2yZM=
github.com/hugomods/icons/vendors/simple-icons v1.0.12/go.mod h1:D79JYuM4y6yOrgk09kNuQL5x1qi4rHgAPmM8qtv5dB4=
github.com/hugomods/icons/vendors/simple-icons v1.0.13/go.mod h1:Ks+LDP1NgOaceeXthrkv6z/r8cJYPMp5uaYPpSrs13M=
github.com/hugomods/seo/modules/base v0.1.0 h1:ZEkWuYeRJeQakBkBThO3N3lmGzOZoPixs4pDugJXfJk=
github.com/hugomods/seo/modules/base v0.1.0/go.mod h1:qfm1Vga0eGxL+Szgz8Jopm+NtJ5PGov2a2dikTg1qSg=
github.com/twbs/bootstrap v5.3.0-alpha3+incompatible/go.mod h1:fZTSrkpSf0/HkL0IIJzvVspTt1r9zuf7XlZau8kpcY0=
github.com/twbs/bootstrap v5.3.0+incompatible/go.mod h1:fZTSrkpSf0/HkL0IIJzvVspTt1r9zuf7XlZau8kpcY0=
github.com/twbs/icons v1.10.5 h1:F9uvW7cGfDBAautw5aeCmnB3hw4vv3aEQGbHnzcQKaE=
github.com/twbs/icons v1.10.5/go.mod h1:GnRlymgVWp5iVJCMa0Me5b6tFyGpVc2bSxPMRGIJmyA=
github.com/twbs/icons v1.11.0/go.mod h1:GnRlymgVWp5iVJCMa0Me5b6tFyGpVc2bSxPMRGIJmyA=
