github.com/gohugoio/hugo-mod-bootstrap-scss/v5 v5.20300.20200 h1:SmpwwN3DNzJWbV+IT8gaFu07ENUFpCvKou5BHYUKuVs=
github.com/gohugoio/hugo-mod-bootstrap-scss/v5 v5.20300.20200/go.mod h1:kx8MBj9T7SFR8ZClWvKZPmmUxBaltkoXvnWlZZcSnYA=
github.com/gohugoio/hugo-mod-jslibs-dist/popperjs/v2 v2.21100.20000/go.mod h1:mFberT6ZtcchrsDtfvJM7aAH2bDKLdOnruUHl0hlapI=
github.com/hbstack/blog v0.24.0 h1:w4jbSs4KhCoZiGZyi972IGWhEJugF0U9jTyWmUTfJ34=
github.com/hbstack/blog v0.24.0/go.mod h1:+hvHHCoBYAtUDBaf1JD54mJ/XScL+TSa/OZD+OrfbgY=
github.com/hbstack/blog v0.24.1/go.mod h1:kph+UDJmulJJ2UqNN1L9pCYNVMk6qAY9kAVnn/2QIik=
github.com/hbstack/blog v0.24.2/go.mod h1:MVyMZqDGbWrT4FTC7X0mJwoBvanhD22j/0CWsS/saFo=
github.com/hbstack/footer v0.2.9 h1:jRFvQXHFI2I+Lb5cAj7E0K5lEN22IJ9N+TGI+DFGOqs=
github.com/hbstack/footer v0.2.9/go.mod h1:9lJgQPtlefBNs/nrdt6Qr/hF5CjvymwkUVBunjdgrcg=
github.com/hbstack/footer v0.2.10/go.mod h1:z779/sE1prEcABuz4RjhSwA8QkFLkmf+xv/5yM3BtPc=
github.com/hbstack/header v0.12.3 h1:OCeMzqsvm66I04T0Fw6kwH7uYgTyr8/FT8KK7mPWvMc=
github.com/hbstack/header v0.12.3/go.mod h1:Tr1ae4nQQ43FQM+z/GcCPwTANmuJ8NaUpzcEcN4ynTg=
github.com/hbstack/header v0.12.4/go.mod h1:4XKdpn0KyL9VN8tFRsVqU8AF5eOM1Gw5+vvhXlsF/X0=
github.com/hbstack/header v0.12.5/go.mod h1:qJ6oP59zCAmkKnFALrEOBo92dnAmxCkYeG1uFjmVMj8=
github.com/hbstack/header v0.12.6/go.mod h1:7veV7tRH43rdYf4OIhoiy473Y/qoyeAJhglGTO+egKE=
github.com/hbstack/social-share-buttons v0.1.0 h1:J5yg/3lGORd6V4fPNz2rGYYeHYxLf8ss1AOZXngkkwM=
github.com/hbstack/social-share-buttons v0.1.0/go.mod h1:WAXsqPI+12QA67fA/IWLvxVubuvbW8kzLwTo0pZW41E=
github.com/hbstack/social-share-buttons v0.1.1/go.mod h1:WAXsqPI+12QA67fA/IWLvxVubuvbW8kzLwTo0pZW41E=
github.com/hbstack/social-share-buttons v0.1.2/go.mod h1:WAXsqPI+12QA67fA/IWLvxVubuvbW8kzLwTo0pZW41E=
github.com/hugomods/base v0.4.0 h1:jzBIJpqDx8aLAlNe/zF1xbefu1XYxumZc39tOO0ZjSw=
github.com/hugomods/base v0.4.0/go.mod h1:hnWCPbVxuhXBwdFax3mmbMlWKmIo/7OP36MCLOyHtT4=
github.com/hugomods/base v0.4.1/go.mod h1:hnWCPbVxuhXBwdFax3mmbMlWKmIo/7OP36MCLOyHtT4=
github.com/hugomods/hugopress v0.2.2 h1:2gBGs1RrOSYWNBu8PcqApQNN63jLsBfAViMSvh6QiX4=
github.com/hugomods/hugopress v0.2.2/go.mod h1:CRYvr60xOkZOf4Atkuj+uEj2EH5pjJ39Ws3aJAkoMkA=
github.com/hugomods/hugopress v0.2.3/go.mod h1:CRYvr60xOkZOf4Atkuj+uEj2EH5pjJ39Ws3aJAkoMkA=
github.com/hugomods/icons v0.6.0 h1:G6RU93okhPPRDh/jqcew9gwkcYpSpg0rCBv4S6yUAFw=
github.com/hugomods/icons v0.6.0/go.mod h1:cIkSvK6W0q6N4U6n9KGz+QfRWQXAW0INd+1P31gPNGg=
github.com/hugomods/icons/vendors/simple-icons v1.0.25 h1:xbDx/9xgt9+2XyolTc33Vg5OMIpsId3MmNcQ289H570=
github.com/hugomods/icons/vendors/simple-icons v1.0.25/go.mod h1:Yi5H1QtUn2ijo/jEkgjHi5i5jnjIkmREZuJ1qzuRqh0=
github.com/hugomods/icons/vendors/simple-icons v1.0.26/go.mod h1:TM3sfNzBmqrckH18wYC0ksdsqvZFpZULE0gnbSeNoUY=
github.com/hugomods/icons/vendors/simple-icons v1.0.27/go.mod h1:1JLmxEWlmmxE67YzC/CbP19QEfFMoucbLzMWvJ5N4DQ=
github.com/hugomods/seo/modules/base v0.1.0 h1:ZEkWuYeRJeQakBkBThO3N3lmGzOZoPixs4pDugJXfJk=
github.com/hugomods/seo/modules/base v0.1.0/go.mod h1:qfm1Vga0eGxL+Szgz8Jopm+NtJ5PGov2a2dikTg1qSg=
github.com/twbs/bootstrap v5.3.2+incompatible/go.mod h1:fZTSrkpSf0/HkL0IIJzvVspTt1r9zuf7XlZau8kpcY0=
github.com/twbs/icons v1.11.2 h1:I0zuO+pk4F1jKGautLPFUQyU2uQyir0GBGb4ArpXZLg=
github.com/twbs/icons v1.11.2/go.mod h1:GnRlymgVWp5iVJCMa0Me5b6tFyGpVc2bSxPMRGIJmyA=
github.com/twbs/icons v1.11.3/go.mod h1:GnRlymgVWp5iVJCMa0Me5b6tFyGpVc2bSxPMRGIJmyA=
