github.com/gohugoio/hugo-mod-bootstrap-scss/v5 v5.20300.20000 h1:cQ8J2tkcrOgsF6TFTlfwOOtX2bgQzzPKhcRvHcUmUo0=
github.com/gohugoio/hugo-mod-bootstrap-scss/v5 v5.20300.20000/go.mod h1:6Fa+6zeMwAHMsYalEmIpC0QKs9UjlNtR8BLLMQXLqWQ=
github.com/gohugoio/hugo-mod-jslibs-dist/popperjs/v2 v2.21100.20000/go.mod h1:mFberT6ZtcchrsDtfvJM7aAH2bDKLdOnruUHl0hlapI=
github.com/hbstack/blog v0.2.2 h1:JdCR0NtxqSBndMp5WdSMwbyOoOhWfXsmG2nw0efnB2w=
github.com/hbstack/blog v0.2.2/go.mod h1:SDrmLBG5u5F7SGv4j9i+8SNl7nbD6JBpsw7yfIBziUM=
github.com/hbstack/blog v0.3.0/go.mod h1:gaYD8JRzO8uHlhAJ5NyrNoefB9seIPUj6kwffc5R4lE=
github.com/hbstack/blog v0.4.0/go.mod h1:gaYD8JRzO8uHlhAJ5NyrNoefB9seIPUj6kwffc5R4lE=
github.com/hbstack/blog v0.4.1/go.mod h1:gaYD8JRzO8uHlhAJ5NyrNoefB9seIPUj6kwffc5R4lE=
github.com/hbstack/breadcrumb v0.1.0 h1:6EdXoaUIaQwUpU35O/kLkG3FS/rEYWPytnPgantPqEY=
github.com/hbstack/breadcrumb v0.1.0/go.mod h1:Cd0NHr0pZTX+gpzUxk2SzJEZMLBFjk1iRKEoe/AS6qA=
github.com/hbstack/breadcrumb v0.1.1/go.mod h1:EnF3Ka4OObgwWhTyZOwB/u/dmeKJKPVbPYgFT1eWwjs=
github.com/hbstack/footer v0.1.1 h1:ALO6hub16fiPTWeP/OzkR7D1zrIkuFwjVWiyCHaBbFA=
github.com/hbstack/footer v0.1.1/go.mod h1:/kaJFRj7RbX5jaDae21p2CGzjqluDhbpIU9dxTjNVik=
github.com/hbstack/footer v0.1.3/go.mod h1:isUacMldIWqwBZH6zoG9dHw2jbfc/z2wSKQ2TkRHGaQ=
github.com/hbstack/header v0.1.6 h1:d+c5IiOCA25e36+oSACEsIjiiDMGz+k/e6/9LPCJHqE=
github.com/hbstack/header v0.1.6/go.mod h1:fHUeyEtniqtZTHPoHpwh9vjOJHIT2HWv2zzCjy1LEC0=
github.com/hbstack/header v0.1.7/go.mod h1:sL7zBj+QrKhWTKYxpEy1ilR/phY9mdyroS9O6xwlaCM=
github.com/hugomods/base v0.1.0 h1:3o9Y85BvXHjkYzZfswM/EtthQ8GOYKN8aXHkIWqu3/8=
github.com/hugomods/base v0.1.0/go.mod h1:hnWCPbVxuhXBwdFax3mmbMlWKmIo/7OP36MCLOyHtT4=
github.com/hugomods/hugopress v0.1.0 h1:qktwbSWtbrEz/nX2wBmxDLzzS4o6/rjp7p0GWcOZ+PU=
github.com/hugomods/hugopress v0.1.0/go.mod h1:CRYvr60xOkZOf4Atkuj+uEj2EH5pjJ39Ws3aJAkoMkA=
github.com/hugomods/icons v0.6.0 h1:G6RU93okhPPRDh/jqcew9gwkcYpSpg0rCBv4S6yUAFw=
github.com/hugomods/icons v0.6.0/go.mod h1:cIkSvK6W0q6N4U6n9KGz+QfRWQXAW0INd+1P31gPNGg=
github.com/hugomods/seo/modules/base v0.1.0 h1:ZEkWuYeRJeQakBkBThO3N3lmGzOZoPixs4pDugJXfJk=
github.com/hugomods/seo/modules/base v0.1.0/go.mod h1:qfm1Vga0eGxL+Szgz8Jopm+NtJ5PGov2a2dikTg1qSg=
github.com/twbs/bootstrap v5.3.0-alpha1+incompatible/go.mod h1:fZTSrkpSf0/HkL0IIJzvVspTt1r9zuf7XlZau8kpcY0=
github.com/twbs/icons v1.10.3 h1:8i0wcDkk04KXd2ofLtMHUERkA5OkrpAzDyBVv/PJaL0=
github.com/twbs/icons v1.10.3/go.mod h1:GnRlymgVWp5iVJCMa0Me5b6tFyGpVc2bSxPMRGIJmyA=
