github.com/gohugoio/hugo-mod-bootstrap-scss/v5 v5.20300.20000 h1:cQ8J2tkcrOgsF6TFTlfwOOtX2bgQzzPKhcRvHcUmUo0=
github.com/gohugoio/hugo-mod-bootstrap-scss/v5 v5.20300.20000/go.mod h1:6Fa+6zeMwAHMsYalEmIpC0QKs9UjlNtR8BLLMQXLqWQ=
github.com/gohugoio/hugo-mod-bootstrap-scss/v5 v5.20300.20001/go.mod h1:QKCtI6xnS1xr+zaQyVR8KF4Ec1UvErhvsazehZj/MlI=
github.com/gohugoio/hugo-mod-bootstrap-scss/v5 v5.20300.20002/go.mod h1:Q6TrjM78wB13zkOMBSV4IZIZ54tbshmE2fem9CYx2pU=
github.com/gohugoio/hugo-mod-jslibs-dist/popperjs/v2 v2.21100.20000/go.mod h1:mFberT6ZtcchrsDtfvJM7aAH2bDKLdOnruUHl0hlapI=
github.com/hbstack/blog v0.1.2 h1:brxtEhMjVzal5Lr4twLOIkCPiLcuna3+an0lR13uEAw=
github.com/hbstack/blog v0.1.2/go.mod h1:fIt/lXmqmxQGK5l/o/Qy7ZZKLLmm8j3cuWFueq8SVbI=
github.com/hbstack/blog v0.1.3/go.mod h1:Be6z2V6oO+cTVNLGo0GCF4BYeoCJ5DqM6Wi/cWkvLis=
github.com/hbstack/blog v0.1.4/go.mod h1:Be6z2V6oO+cTVNLGo0GCF4BYeoCJ5DqM6Wi/cWkvLis=
github.com/hbstack/blog v0.2.1/go.mod h1:g+4OI4sBomqf+XPdodQLz0Cp8RKjO6Cso3S8B3MisYc=
github.com/hbstack/blog v0.2.2/go.mod h1:SDrmLBG5u5F7SGv4j9i+8SNl7nbD6JBpsw7yfIBziUM=
github.com/hbstack/blog v0.3.0/go.mod h1:gaYD8JRzO8uHlhAJ5NyrNoefB9seIPUj6kwffc5R4lE=
github.com/hbstack/blog v0.4.0/go.mod h1:gaYD8JRzO8uHlhAJ5NyrNoefB9seIPUj6kwffc5R4lE=
github.com/hbstack/blog v0.4.1/go.mod h1:gaYD8JRzO8uHlhAJ5NyrNoefB9seIPUj6kwffc5R4lE=
github.com/hbstack/blog v0.5.1/go.mod h1:lqC8vgB0MnLPdpUU5Wh+7ZHs8zUCC7F5UvD8SD0YSQQ=
github.com/hbstack/blog v0.5.2/go.mod h1:l4lnv2V//VcfmjW9p0e9MfLxXwwJgfGznp7JmSegI6Y=
github.com/hbstack/blog v0.5.3/go.mod h1:FIHcUI1WX8xa4ak5RvSHwqalH0m6c4pg425YXTCZxQ8=
github.com/hbstack/blog v0.5.4/go.mod h1:iZrKv9aOpoTwjGI3DQdulBmZkV95lrDUi8G+jR7wl8M=
github.com/hbstack/blog v0.6.0/go.mod h1:MEW0e5vhNK72cG34rgPU/E2YTvyU4mcr552DMX+17qE=
github.com/hbstack/blog v0.6.1/go.mod h1:HpZsR667F7vWvVoFnboVidzZC9J48pN3S25mHcp7sPo=
github.com/hbstack/blog v0.7.1/go.mod h1:HpZsR667F7vWvVoFnboVidzZC9J48pN3S25mHcp7sPo=
github.com/hbstack/blog v0.8.0/go.mod h1:mx4d8XFoFzyg3LumMazAWdZUmu5/RHeXKywqM+wQb6g=
github.com/hbstack/blog v0.8.1/go.mod h1:FuLsXE7JmTK2d3gUXvHN5HpiEnxyO7zB45Q2GeikFNA=
github.com/hbstack/blog v0.8.3/go.mod h1:FuLsXE7JmTK2d3gUXvHN5HpiEnxyO7zB45Q2GeikFNA=
github.com/hbstack/blog v0.8.4/go.mod h1:DoJm61tF0jHI/Wrex0mMAUUWV28mruSFW9oPC7T7Hl0=
github.com/hbstack/blog v0.9.0/go.mod h1:DoJm61tF0jHI/Wrex0mMAUUWV28mruSFW9oPC7T7Hl0=
github.com/hbstack/blog v0.10.0/go.mod h1:D41YzxmW/tH4dxvRxaeApBVk7SLtm9AALokzF5aDSL4=
github.com/hbstack/blog v0.10.1/go.mod h1:8untxY8tIK3Sn012FMZ8//vNJq/qsQGssjtxvw10h+c=
github.com/hbstack/blog v0.11.0/go.mod h1:8untxY8tIK3Sn012FMZ8//vNJq/qsQGssjtxvw10h+c=
github.com/hbstack/footer v0.1.1 h1:ALO6hub16fiPTWeP/OzkR7D1zrIkuFwjVWiyCHaBbFA=
github.com/hbstack/footer v0.1.1/go.mod h1:/kaJFRj7RbX5jaDae21p2CGzjqluDhbpIU9dxTjNVik=
github.com/hbstack/footer v0.1.3/go.mod h1:isUacMldIWqwBZH6zoG9dHw2jbfc/z2wSKQ2TkRHGaQ=
github.com/hbstack/footer v0.1.5/go.mod h1:/5XwQ9xyCE0LpngSnGUiz8YGGAQKe6OIlwATPETCXgc=
github.com/hbstack/footer v0.2.0/go.mod h1:5DeefxbpnZrxbvF1v2aUl5D18EtWpMyvMyVijeR/ey8=
github.com/hbstack/footer v0.2.1/go.mod h1:ldb4b95D/7NVWQWFTIngasypCA+QQQRj1I+1BEyOi/c=
github.com/hbstack/header v0.1.1 h1:qYgYmc2Y44+DMz/5mlKfUO2BAcL10oADZEI/gbtB4yc=
github.com/hbstack/header v0.1.1/go.mod h1:fHUeyEtniqtZTHPoHpwh9vjOJHIT2HWv2zzCjy1LEC0=
github.com/hbstack/header v0.1.5/go.mod h1:fHUeyEtniqtZTHPoHpwh9vjOJHIT2HWv2zzCjy1LEC0=
github.com/hbstack/header v0.1.6/go.mod h1:fHUeyEtniqtZTHPoHpwh9vjOJHIT2HWv2zzCjy1LEC0=
github.com/hbstack/header v0.1.7/go.mod h1:sL7zBj+QrKhWTKYxpEy1ilR/phY9mdyroS9O6xwlaCM=
github.com/hbstack/header v0.1.8/go.mod h1:GTEtmH6u2C2gaJoadFE41yBqo1vH6r9Zu5AJYXx4U48=
github.com/hbstack/header v0.1.9/go.mod h1:GTEtmH6u2C2gaJoadFE41yBqo1vH6r9Zu5AJYXx4U48=
github.com/hbstack/header v0.1.10/go.mod h1:GTEtmH6u2C2gaJoadFE41yBqo1vH6r9Zu5AJYXx4U48=
github.com/hbstack/header v0.1.11/go.mod h1:2oiFsujD8aUmdmBfcSHYvdOg7mYLqYPqB7zaXHkH+/A=
github.com/hbstack/header v0.1.12/go.mod h1:BRtu4Awm9tOa4b1wKzY8TZRhsm9IqVJh67CWnh09Yco=
github.com/hbstack/header v0.1.13/go.mod h1:BRtu4Awm9tOa4b1wKzY8TZRhsm9IqVJh67CWnh09Yco=
github.com/hbstack/header v0.1.15/go.mod h1:TsYY9wkDKwcj1c0hzar97DXWOYqa1NW0Qg0XqcV9Zx8=
github.com/hbstack/header v0.1.17/go.mod h1:YEYnlqmhotkQdFbSzN/ZQT55kLLfMdvVVIzEDMFgTz4=
github.com/hugomods/base v0.1.0 h1:3o9Y85BvXHjkYzZfswM/EtthQ8GOYKN8aXHkIWqu3/8=
github.com/hugomods/base v0.1.0/go.mod h1:hnWCPbVxuhXBwdFax3mmbMlWKmIo/7OP36MCLOyHtT4=
github.com/hugomods/hugopress v0.1.0 h1:qktwbSWtbrEz/nX2wBmxDLzzS4o6/rjp7p0GWcOZ+PU=
github.com/hugomods/hugopress v0.1.0/go.mod h1:CRYvr60xOkZOf4Atkuj+uEj2EH5pjJ39Ws3aJAkoMkA=
github.com/hugomods/icons v0.6.0 h1:G6RU93okhPPRDh/jqcew9gwkcYpSpg0rCBv4S6yUAFw=
github.com/hugomods/icons v0.6.0/go.mod h1:cIkSvK6W0q6N4U6n9KGz+QfRWQXAW0INd+1P31gPNGg=
github.com/hugomods/seo/modules/base v0.1.0 h1:ZEkWuYeRJeQakBkBThO3N3lmGzOZoPixs4pDugJXfJk=
github.com/hugomods/seo/modules/base v0.1.0/go.mod h1:qfm1Vga0eGxL+Szgz8Jopm+NtJ5PGov2a2dikTg1qSg=
github.com/hugomods/utterances v0.1.0 h1:0mEKjG4eke/jdTPIxL2qfdm9W9TFpqgWh1x6d1n7Xg8=
github.com/hugomods/utterances v0.1.0/go.mod h1:p6YjYb9iUozzKTP6V6Rhw3DCaZeXv+qonNVl+UZE0A8=
github.com/twbs/bootstrap v5.3.0-alpha1+incompatible/go.mod h1:fZTSrkpSf0/HkL0IIJzvVspTt1r9zuf7XlZau8kpcY0=
github.com/twbs/bootstrap v5.3.0-alpha2+incompatible/go.mod h1:fZTSrkpSf0/HkL0IIJzvVspTt1r9zuf7XlZau8kpcY0=
github.com/twbs/bootstrap v5.3.0-alpha3+incompatible/go.mod h1:fZTSrkpSf0/HkL0IIJzvVspTt1r9zuf7XlZau8kpcY0=
github.com/twbs/icons v1.10.3 h1:8i0wcDkk04KXd2ofLtMHUERkA5OkrpAzDyBVv/PJaL0=
github.com/twbs/icons v1.10.3/go.mod h1:GnRlymgVWp5iVJCMa0Me5b6tFyGpVc2bSxPMRGIJmyA=
github.com/twbs/icons v1.10.4/go.mod h1:GnRlymgVWp5iVJCMa0Me5b6tFyGpVc2bSxPMRGIJmyA=
github.com/twbs/icons v1.10.5/go.mod h1:GnRlymgVWp5iVJCMa0Me5b6tFyGpVc2bSxPMRGIJmyA=
